// !$*UTF8*$!
{
	archiveVersion = 1;
	classes = {
	};
	objectVersion = 46;
	objects = {

/* Begin PBXBuildFile section */
		AF15549B1EB568F1005D1046 /* DataWriter.swift in Sources */ = {isa = PBXBuildFile; fileRef = AF15549A1EB568F1005D1046 /* DataWriter.swift */; };
		AF2B52621EBF97570026594F /* ViewStructureModule.swift in Sources */ = {isa = PBXBuildFile; fileRef = AF2B52611EBF97570026594F /* ViewStructureModule.swift */; };
		AF2B52641EBF9CC30026594F /* NetworkModule.swift in Sources */ = {isa = PBXBuildFile; fileRef = AF2B52631EBF9CC30026594F /* NetworkModule.swift */; };
		AF34EE2A1ED347C5005E05FC /* VideoWriterTests.swift in Sources */ = {isa = PBXBuildFile; fileRef = AF34EE291ED347C5005E05FC /* VideoWriterTests.swift */; };
		AF34EE2C1ED354F9005E05FC /* VideoModule.swift in Sources */ = {isa = PBXBuildFile; fileRef = AF34EE2B1ED354F9005E05FC /* VideoModule.swift */; };
		AF34EE2E1ED37174005E05FC /* ReportComposer.swift in Sources */ = {isa = PBXBuildFile; fileRef = AF34EE2D1ED37174005E05FC /* ReportComposer.swift */; };
		AF34EE301ED37FEC005E05FC /* InfoModule.swift in Sources */ = {isa = PBXBuildFile; fileRef = AF34EE2F1ED37FEC005E05FC /* InfoModule.swift */; };
		AF34EE321ED38264005E05FC /* RecordableModule.swift in Sources */ = {isa = PBXBuildFile; fileRef = AF34EE311ED38264005E05FC /* RecordableModule.swift */; };
		AF34EE341ED38682005E05FC /* Writable.swift in Sources */ = {isa = PBXBuildFile; fileRef = AF34EE331ED38682005E05FC /* Writable.swift */; };
		AF34EE361ED388C5005E05FC /* ClueController.swift in Sources */ = {isa = PBXBuildFile; fileRef = AF34EE351ED388C5005E05FC /* ClueController.swift */; };
		AF422CBB1EC2166C0028AA33 /* ObserveModuleTests.swift in Sources */ = {isa = PBXBuildFile; fileRef = AF422CBA1EC2166C0028AA33 /* ObserveModuleTests.swift */; };
		AF4B1EB11ED301160024AB1C /* VideoWriter.swift in Sources */ = {isa = PBXBuildFile; fileRef = AF4B1EB01ED301160024AB1C /* VideoWriter.swift */; };
		AF4FB5D41EBACCB500FB9F0B /* Result.swift in Sources */ = {isa = PBXBuildFile; fileRef = AF4FB5D31EBACCB500FB9F0B /* Result.swift */; };
		AF5314621EB018E8005A5146 /* JSONWriter.swift in Sources */ = {isa = PBXBuildFile; fileRef = AF53145F1EB018E8005A5146 /* JSONWriter.swift */; };
		AF5314631EB018E8005A5146 /* DataWriterError.swift in Sources */ = {isa = PBXBuildFile; fileRef = AF5314601EB018E8005A5146 /* DataWriterError.swift */; };
		AF5314671EB01931005A5146 /* DataWriterErrorTests.swift in Sources */ = {isa = PBXBuildFile; fileRef = AF5314651EB01931005A5146 /* DataWriterErrorTests.swift */; };
		AF5314681EB01931005A5146 /* JSONWriterTests.swift in Sources */ = {isa = PBXBuildFile; fileRef = AF5314661EB01931005A5146 /* JSONWriterTests.swift */; };
		AF67568A1EB674380057CA08 /* DataWriterTests.swift in Sources */ = {isa = PBXBuildFile; fileRef = AF6756891EB674380057CA08 /* DataWriterTests.swift */; };
		AF73FF111EC0C05F00B8EA4D /* DeviceInfoModule.swift in Sources */ = {isa = PBXBuildFile; fileRef = AF73FF101EC0C05F00B8EA4D /* DeviceInfoModule.swift */; };
		AF73FF131EC0C45400B8EA4D /* ExceptionInfoModule.swift in Sources */ = {isa = PBXBuildFile; fileRef = AF73FF121EC0C45400B8EA4D /* ExceptionInfoModule.swift */; };
		AF73FF151EC0F28100B8EA4D /* Dictionary+Util.swift in Sources */ = {isa = PBXBuildFile; fileRef = AF73FF141EC0F28100B8EA4D /* Dictionary+Util.swift */; };
		AF7879DF1EC516E500938263 /* UIDevice+Util.swift in Sources */ = {isa = PBXBuildFile; fileRef = AF7879DE1EC516E500938263 /* UIDevice+Util.swift */; };
		AF79EA561EAFCD42002231B9 /* Clue.framework in Frameworks */ = {isa = PBXBuildFile; fileRef = E272DD821CD5223300F1FECA /* Clue.framework */; };
		AF79EA571EAFCD42002231B9 /* Clue.framework in Embed Frameworks */ = {isa = PBXBuildFile; fileRef = E272DD821CD5223300F1FECA /* Clue.framework */; settings = {ATTRIBUTES = (CodeSignOnCopy, RemoveHeadersOnCopy, ); }; };
		AFBD5DB21EC0947300858442 /* NSMutableDictionary+CLUUtilsAdditions.h in Headers */ = {isa = PBXBuildFile; fileRef = E24E6CCB1EAA11C100A2F0C1 /* NSMutableDictionary+CLUUtilsAdditions.h */; settings = {ATTRIBUTES = (Public, ); }; };
		AFBD5DB41EC09C0D00858442 /* UserInteractionModule.swift in Sources */ = {isa = PBXBuildFile; fileRef = AFBD5DB31EC09C0D00858442 /* UserInteractionModule.swift */; };
		AFD9F7121EBEC79E001EE2A7 /* ObserveModule.swift in Sources */ = {isa = PBXBuildFile; fileRef = AFD9F7111EBEC79E001EE2A7 /* ObserveModule.swift */; };
		E20F23481D31947300654690 /* CLUReportFileManager.h in Headers */ = {isa = PBXBuildFile; fileRef = E20F23461D31947200654690 /* CLUReportFileManager.h */; settings = {ATTRIBUTES = (Public, ); }; };
		E20F23491D31947300654690 /* CLUReportFileManager.m in Sources */ = {isa = PBXBuildFile; fileRef = E20F23471D31947200654690 /* CLUReportFileManager.m */; };
		E215639A1D25A15A005EDF61 /* NSException+CLUExceptionAdditions.h in Headers */ = {isa = PBXBuildFile; fileRef = E21563981D25A15A005EDF61 /* NSException+CLUExceptionAdditions.h */; settings = {ATTRIBUTES = (Public, ); }; };
		E215639B1D25A15A005EDF61 /* NSException+CLUExceptionAdditions.m in Sources */ = {isa = PBXBuildFile; fileRef = E21563991D25A15A005EDF61 /* NSException+CLUExceptionAdditions.m */; };
		E21840D41CFCD7F80053422C /* UIImageView+CLUViewRecordableAdditions.h in Headers */ = {isa = PBXBuildFile; fileRef = E21840D21CFCD7F80053422C /* UIImageView+CLUViewRecordableAdditions.h */; };
		E21840D51CFCD7F80053422C /* UIImageView+CLUViewRecordableAdditions.m in Sources */ = {isa = PBXBuildFile; fileRef = E21840D31CFCD7F80053422C /* UIImageView+CLUViewRecordableAdditions.m */; };
		E21840D81CFCDA4B0053422C /* UITextField+CLUViewRecordableAdditions.h in Headers */ = {isa = PBXBuildFile; fileRef = E21840D61CFCDA4B0053422C /* UITextField+CLUViewRecordableAdditions.h */; };
		E21840D91CFCDA4B0053422C /* UITextField+CLUViewRecordableAdditions.m in Sources */ = {isa = PBXBuildFile; fileRef = E21840D71CFCDA4B0053422C /* UITextField+CLUViewRecordableAdditions.m */; };
		E22F60EF1D265DBE0062D6B8 /* CLUTouch.h in Headers */ = {isa = PBXBuildFile; fileRef = E22F60ED1D265DBE0062D6B8 /* CLUTouch.h */; settings = {ATTRIBUTES = (Public, ); }; };
		E22F60F01D265DBE0062D6B8 /* CLUTouch.m in Sources */ = {isa = PBXBuildFile; fileRef = E22F60EE1D265DBE0062D6B8 /* CLUTouch.m */; };
		E232BA8A1CF8214D00F5DB52 /* CLUViewRecordableProperties.h in Headers */ = {isa = PBXBuildFile; fileRef = E232BA891CF8214D00F5DB52 /* CLUViewRecordableProperties.h */; settings = {ATTRIBUTES = (Public, ); }; };
		E232BA8E1CF821D400F5DB52 /* UIView+CLUViewRecordableAdditions.h in Headers */ = {isa = PBXBuildFile; fileRef = E232BA8C1CF821D400F5DB52 /* UIView+CLUViewRecordableAdditions.h */; settings = {ATTRIBUTES = (Public, ); }; };
		E232BA8F1CF821D400F5DB52 /* UIView+CLUViewRecordableAdditions.m in Sources */ = {isa = PBXBuildFile; fileRef = E232BA8D1CF821D400F5DB52 /* UIView+CLUViewRecordableAdditions.m */; };
		E232BA921CF830DC00F5DB52 /* UILabel+CLUViewRecordableAdditions.h in Headers */ = {isa = PBXBuildFile; fileRef = E232BA901CF830DC00F5DB52 /* UILabel+CLUViewRecordableAdditions.h */; };
		E232BA931CF830DC00F5DB52 /* UILabel+CLUViewRecordableAdditions.m in Sources */ = {isa = PBXBuildFile; fileRef = E232BA911CF830DC00F5DB52 /* UILabel+CLUViewRecordableAdditions.m */; };
		E238913B1D1BDA8C00D688CD /* NSError+CLUNetworkAdditions.h in Headers */ = {isa = PBXBuildFile; fileRef = E23891391D1BDA8C00D688CD /* NSError+CLUNetworkAdditions.h */; settings = {ATTRIBUTES = (Public, ); }; };
		E238913C1D1BDA8C00D688CD /* NSError+CLUNetworkAdditions.m in Sources */ = {isa = PBXBuildFile; fileRef = E238913A1D1BDA8C00D688CD /* NSError+CLUNetworkAdditions.m */; };
		E238913F1D1BDC3C00D688CD /* NSURLResponse+CLUNetworkAdditions.h in Headers */ = {isa = PBXBuildFile; fileRef = E238913D1D1BDC3C00D688CD /* NSURLResponse+CLUNetworkAdditions.h */; settings = {ATTRIBUTES = (Public, ); }; };
		E23891401D1BDC3C00D688CD /* NSURLResponse+CLUNetworkAdditions.m in Sources */ = {isa = PBXBuildFile; fileRef = E238913E1D1BDC3C00D688CD /* NSURLResponse+CLUNetworkAdditions.m */; };
		E23891431D1BDE0300D688CD /* NSHTTPURLResponse+CLUNetworkAdditions.h in Headers */ = {isa = PBXBuildFile; fileRef = E23891411D1BDE0300D688CD /* NSHTTPURLResponse+CLUNetworkAdditions.h */; settings = {ATTRIBUTES = (Public, ); }; };
		E23891441D1BDE0300D688CD /* NSHTTPURLResponse+CLUNetworkAdditions.m in Sources */ = {isa = PBXBuildFile; fileRef = E23891421D1BDE0300D688CD /* NSHTTPURLResponse+CLUNetworkAdditions.m */; };
		E23891471D1BDF9300D688CD /* NSURLRequest+CLUNetworkAdditions.h in Headers */ = {isa = PBXBuildFile; fileRef = E23891451D1BDF9300D688CD /* NSURLRequest+CLUNetworkAdditions.h */; settings = {ATTRIBUTES = (Public, ); }; };
		E23891481D1BDF9300D688CD /* NSURLRequest+CLUNetworkAdditions.m in Sources */ = {isa = PBXBuildFile; fileRef = E23891461D1BDF9300D688CD /* NSURLRequest+CLUNetworkAdditions.m */; };
		E241F4631E7B333A0075EF2C /* CLUTextFieldViewRecordableAdditions.m in Sources */ = {isa = PBXBuildFile; fileRef = E241F4621E7B333A0075EF2C /* CLUTextFieldViewRecordableAdditions.m */; };
		E241F4651E7B37770075EF2C /* CLUTouchUserInteractionAdditions.m in Sources */ = {isa = PBXBuildFile; fileRef = E241F4641E7B37770075EF2C /* CLUTouchUserInteractionAdditions.m */; };
		E241F4671E7B39DE0075EF2C /* CLUErrorNetworkAdditions.m in Sources */ = {isa = PBXBuildFile; fileRef = E241F4661E7B39DE0075EF2C /* CLUErrorNetworkAdditions.m */; };
		E241F4691E7B3D9A0075EF2C /* CLUCommunicationNetworkAdditions.m in Sources */ = {isa = PBXBuildFile; fileRef = E241F4681E7B3D990075EF2C /* CLUCommunicationNetworkAdditions.m */; };
		E241F46B1E7BDE000075EF2C /* CLUExceptionAdditions.m in Sources */ = {isa = PBXBuildFile; fileRef = E241F46A1E7BDE000075EF2C /* CLUExceptionAdditions.m */; };
		E24AEDFA1D06DA18001F31FF /* CLUInteractionObserverDelegate.h in Headers */ = {isa = PBXBuildFile; fileRef = E24AEDF91D06DA18001F31FF /* CLUInteractionObserverDelegate.h */; settings = {ATTRIBUTES = (Public, ); }; };
		E24AEDFE1D06DD28001F31FF /* CLUGeneralGestureRecognizer.h in Headers */ = {isa = PBXBuildFile; fileRef = E24AEDFC1D06DD28001F31FF /* CLUGeneralGestureRecognizer.h */; settings = {ATTRIBUTES = (Public, ); }; };
		E24AEDFF1D06DD28001F31FF /* CLUGeneralGestureRecognizer.m in Sources */ = {isa = PBXBuildFile; fileRef = E24AEDFD1D06DD28001F31FF /* CLUGeneralGestureRecognizer.m */; };
		E24AEE021D06E9DC001F31FF /* UITouch+CLUUserInteractionAdditions.h in Headers */ = {isa = PBXBuildFile; fileRef = E24AEE001D06E9DC001F31FF /* UITouch+CLUUserInteractionAdditions.h */; };
		E24AEE031D06E9DC001F31FF /* UITouch+CLUUserInteractionAdditions.m in Sources */ = {isa = PBXBuildFile; fileRef = E24AEE011D06E9DC001F31FF /* UITouch+CLUUserInteractionAdditions.m */; };
		E24E2D6E1E74899600804E13 /* CLUGeneralGestureRecognizerTests.m in Sources */ = {isa = PBXBuildFile; fileRef = E24E2D6D1E74899600804E13 /* CLUGeneralGestureRecognizerTests.m */; };
		E24E2D711E74C1AF00804E13 /* CLUUIViewAdditionsTests.m in Sources */ = {isa = PBXBuildFile; fileRef = E24E2D701E74C1AF00804E13 /* CLUUIViewAdditionsTests.m */; };
		E24E6CCE1EAA11C100A2F0C1 /* NSMutableDictionary+CLUUtilsAdditions.m in Sources */ = {isa = PBXBuildFile; fileRef = E24E6CCC1EAA11C100A2F0C1 /* NSMutableDictionary+CLUUtilsAdditions.m */; };
		E24E6CD01EAA13C100A2F0C1 /* CLUNSMutableDictionaryUtilsAdditionsTests.m in Sources */ = {isa = PBXBuildFile; fileRef = E24E6CCF1EAA13C100A2F0C1 /* CLUNSMutableDictionaryUtilsAdditionsTests.m */; };
		E258F3FF1CE3D037001E9F92 /* CLUOptions.h in Headers */ = {isa = PBXBuildFile; fileRef = E258F3FD1CE3D037001E9F92 /* CLUOptions.h */; settings = {ATTRIBUTES = (Public, ); }; };
		E258F4001CE3D037001E9F92 /* CLUOptions.m in Sources */ = {isa = PBXBuildFile; fileRef = E258F3FE1CE3D037001E9F92 /* CLUOptions.m */; };
		E272DD861CD5223300F1FECA /* Clue.h in Headers */ = {isa = PBXBuildFile; fileRef = E272DD851CD5223300F1FECA /* Clue.h */; settings = {ATTRIBUTES = (Public, ); }; };
		E272DD8D1CD5223300F1FECA /* Clue.framework in Frameworks */ = {isa = PBXBuildFile; fileRef = E272DD821CD5223300F1FECA /* Clue.framework */; };
		E272DDA51CD522F000F1FECA /* main.m in Sources */ = {isa = PBXBuildFile; fileRef = E272DDA41CD522F000F1FECA /* main.m */; };
		E272DDA81CD522F000F1FECA /* AppDelegate.m in Sources */ = {isa = PBXBuildFile; fileRef = E272DDA71CD522F000F1FECA /* AppDelegate.m */; };
		E272DDAB1CD522F000F1FECA /* ViewController.m in Sources */ = {isa = PBXBuildFile; fileRef = E272DDAA1CD522F000F1FECA /* ViewController.m */; };
		E272DDAE1CD522F000F1FECA /* Main.storyboard in Resources */ = {isa = PBXBuildFile; fileRef = E272DDAC1CD522F000F1FECA /* Main.storyboard */; };
		E272DDB01CD522F000F1FECA /* Assets.xcassets in Resources */ = {isa = PBXBuildFile; fileRef = E272DDAF1CD522F000F1FECA /* Assets.xcassets */; };
		E272DDB31CD522F000F1FECA /* LaunchScreen.storyboard in Resources */ = {isa = PBXBuildFile; fileRef = E272DDB11CD522F000F1FECA /* LaunchScreen.storyboard */; };
		E28258BF1E7ABCDF000DAAB4 /* CLULabelRecordableAdditions.m in Sources */ = {isa = PBXBuildFile; fileRef = E28258BE1E7ABCDF000DAAB4 /* CLULabelRecordableAdditions.m */; };
		E28258C11E7AC3B3000DAAB4 /* CLUImageViewRecordableAdditions.m in Sources */ = {isa = PBXBuildFile; fileRef = E28258C01E7AC3B3000DAAB4 /* CLUImageViewRecordableAdditions.m */; };
		E28610121CEFB9C300FA9BAF /* Karla-Bold.ttf in Resources */ = {isa = PBXBuildFile; fileRef = E286100E1CEFB9C300FA9BAF /* Karla-Bold.ttf */; };
		E28610131CEFB9C300FA9BAF /* Karla-BoldItalic.ttf in Resources */ = {isa = PBXBuildFile; fileRef = E286100F1CEFB9C300FA9BAF /* Karla-BoldItalic.ttf */; };
		E28610141CEFB9C300FA9BAF /* Karla-Italic.ttf in Resources */ = {isa = PBXBuildFile; fileRef = E28610101CEFB9C300FA9BAF /* Karla-Italic.ttf */; };
		E28610151CEFB9C300FA9BAF /* Karla-Regular.ttf in Resources */ = {isa = PBXBuildFile; fileRef = E28610111CEFB9C300FA9BAF /* Karla-Regular.ttf */; };
		E291DEAA1D14A04F009AB23F /* CLUURLProtocol.h in Headers */ = {isa = PBXBuildFile; fileRef = E291DEA81D14A04F009AB23F /* CLUURLProtocol.h */; settings = {ATTRIBUTES = (Public, ); }; };
		E291DEAB1D14A04F009AB23F /* CLUURLProtocol.m in Sources */ = {isa = PBXBuildFile; fileRef = E291DEA91D14A04F009AB23F /* CLUURLProtocol.m */; };
		E291DEAD1D14A741009AB23F /* CLUNetworkObserverDelegate.h in Headers */ = {isa = PBXBuildFile; fileRef = E291DEAC1D14A741009AB23F /* CLUNetworkObserverDelegate.h */; settings = {ATTRIBUTES = (Public, ); }; };
		E29233D51D358B6300DA88C2 /* CLUMailHelper.h in Headers */ = {isa = PBXBuildFile; fileRef = E29233D31D358B6300DA88C2 /* CLUMailHelper.h */; settings = {ATTRIBUTES = (Public, ); }; };
		E29233D61D358B6300DA88C2 /* CLUMailHelper.m in Sources */ = {isa = PBXBuildFile; fileRef = E29233D41D358B6300DA88C2 /* CLUMailHelper.m */; };
		E2ABF6471D424531006646B3 /* CLURecordIndicatorView.h in Headers */ = {isa = PBXBuildFile; fileRef = E2ABF6451D424531006646B3 /* CLURecordIndicatorView.h */; };
		E2ABF6481D424531006646B3 /* CLURecordIndicatorView.m in Sources */ = {isa = PBXBuildFile; fileRef = E2ABF6461D424531006646B3 /* CLURecordIndicatorView.m */; };
		E2ABF64B1D425108006646B3 /* CLURecordIndicatorViewManager.h in Headers */ = {isa = PBXBuildFile; fileRef = E2ABF6491D425108006646B3 /* CLURecordIndicatorViewManager.h */; settings = {ATTRIBUTES = (Public, ); }; };
		E2ABF64C1D425108006646B3 /* CLURecordIndicatorViewManager.m in Sources */ = {isa = PBXBuildFile; fileRef = E2ABF64A1D425108006646B3 /* CLURecordIndicatorViewManager.m */; };
		E2C604991E80782900A0918D /* CLUTouchTests.m in Sources */ = {isa = PBXBuildFile; fileRef = E2C604981E80782900A0918D /* CLUTouchTests.m */; };
		E2CDA6121D3903110079F784 /* libz.tbd in Frameworks */ = {isa = PBXBuildFile; fileRef = E2CDA6111D3903110079F784 /* libz.tbd */; };
		E2CDA6951D3905D60079F784 /* aes.h in Headers */ = {isa = PBXBuildFile; fileRef = E2CDA6711D3905D60079F784 /* aes.h */; };
		E2CDA6961D3905D60079F784 /* aes_via_ace.h in Headers */ = {isa = PBXBuildFile; fileRef = E2CDA6721D3905D60079F784 /* aes_via_ace.h */; };
		E2CDA6971D3905D60079F784 /* aescrypt.c in Sources */ = {isa = PBXBuildFile; fileRef = E2CDA6731D3905D60079F784 /* aescrypt.c */; };
		E2CDA6981D3905D60079F784 /* aeskey.c in Sources */ = {isa = PBXBuildFile; fileRef = E2CDA6741D3905D60079F784 /* aeskey.c */; };
		E2CDA6991D3905D60079F784 /* aesopt.h in Headers */ = {isa = PBXBuildFile; fileRef = E2CDA6751D3905D60079F784 /* aesopt.h */; };
		E2CDA69A1D3905D60079F784 /* aestab.c in Sources */ = {isa = PBXBuildFile; fileRef = E2CDA6761D3905D60079F784 /* aestab.c */; };
		E2CDA69B1D3905D60079F784 /* aestab.h in Headers */ = {isa = PBXBuildFile; fileRef = E2CDA6771D3905D60079F784 /* aestab.h */; };
		E2CDA69C1D3905D60079F784 /* brg_endian.h in Headers */ = {isa = PBXBuildFile; fileRef = E2CDA6781D3905D60079F784 /* brg_endian.h */; };
		E2CDA69D1D3905D60079F784 /* brg_types.h in Headers */ = {isa = PBXBuildFile; fileRef = E2CDA6791D3905D60079F784 /* brg_types.h */; };
		E2CDA69E1D3905D60079F784 /* entropy.c in Sources */ = {isa = PBXBuildFile; fileRef = E2CDA67A1D3905D60079F784 /* entropy.c */; };
		E2CDA69F1D3905D60079F784 /* entropy.h in Headers */ = {isa = PBXBuildFile; fileRef = E2CDA67B1D3905D60079F784 /* entropy.h */; };
		E2CDA6A01D3905D60079F784 /* fileenc.c in Sources */ = {isa = PBXBuildFile; fileRef = E2CDA67C1D3905D60079F784 /* fileenc.c */; };
		E2CDA6A11D3905D60079F784 /* fileenc.h in Headers */ = {isa = PBXBuildFile; fileRef = E2CDA67D1D3905D60079F784 /* fileenc.h */; };
		E2CDA6A21D3905D60079F784 /* hmac.c in Sources */ = {isa = PBXBuildFile; fileRef = E2CDA67E1D3905D60079F784 /* hmac.c */; };
		E2CDA6A31D3905D60079F784 /* hmac.h in Headers */ = {isa = PBXBuildFile; fileRef = E2CDA67F1D3905D60079F784 /* hmac.h */; };
		E2CDA6A41D3905D60079F784 /* prng.c in Sources */ = {isa = PBXBuildFile; fileRef = E2CDA6801D3905D60079F784 /* prng.c */; };
		E2CDA6A51D3905D60079F784 /* prng.h in Headers */ = {isa = PBXBuildFile; fileRef = E2CDA6811D3905D60079F784 /* prng.h */; };
		E2CDA6A61D3905D60079F784 /* pwd2key.c in Sources */ = {isa = PBXBuildFile; fileRef = E2CDA6821D3905D60079F784 /* pwd2key.c */; };
		E2CDA6A71D3905D60079F784 /* pwd2key.h in Headers */ = {isa = PBXBuildFile; fileRef = E2CDA6831D3905D60079F784 /* pwd2key.h */; };
		E2CDA6A81D3905D60079F784 /* sha1.c in Sources */ = {isa = PBXBuildFile; fileRef = E2CDA6841D3905D60079F784 /* sha1.c */; };
		E2CDA6A91D3905D60079F784 /* sha1.h in Headers */ = {isa = PBXBuildFile; fileRef = E2CDA6851D3905D60079F784 /* sha1.h */; };
		E2CDA6AA1D3905D60079F784 /* Common.h in Headers */ = {isa = PBXBuildFile; fileRef = E2CDA6861D3905D60079F784 /* Common.h */; };
		E2CDA6AB1D3905D60079F784 /* Info.plist in Resources */ = {isa = PBXBuildFile; fileRef = E2CDA6871D3905D60079F784 /* Info.plist */; };
		E2CDA6AC1D3905D60079F784 /* crypt.h in Headers */ = {isa = PBXBuildFile; fileRef = E2CDA6891D3905D60079F784 /* crypt.h */; };
		E2CDA6AD1D3905D60079F784 /* ioapi.c in Sources */ = {isa = PBXBuildFile; fileRef = E2CDA68A1D3905D60079F784 /* ioapi.c */; };
		E2CDA6AE1D3905D60079F784 /* ioapi.h in Headers */ = {isa = PBXBuildFile; fileRef = E2CDA68B1D3905D60079F784 /* ioapi.h */; };
		E2CDA6AF1D3905D60079F784 /* mztools.c in Sources */ = {isa = PBXBuildFile; fileRef = E2CDA68C1D3905D60079F784 /* mztools.c */; };
		E2CDA6B01D3905D60079F784 /* mztools.h in Headers */ = {isa = PBXBuildFile; fileRef = E2CDA68D1D3905D60079F784 /* mztools.h */; };
		E2CDA6B11D3905D60079F784 /* unzip.c in Sources */ = {isa = PBXBuildFile; fileRef = E2CDA68E1D3905D60079F784 /* unzip.c */; };
		E2CDA6B21D3905D60079F784 /* unzip.h in Headers */ = {isa = PBXBuildFile; fileRef = E2CDA68F1D3905D60079F784 /* unzip.h */; };
		E2CDA6B31D3905D60079F784 /* zip.c in Sources */ = {isa = PBXBuildFile; fileRef = E2CDA6901D3905D60079F784 /* zip.c */; };
		E2CDA6B41D3905D60079F784 /* zip.h in Headers */ = {isa = PBXBuildFile; fileRef = E2CDA6911D3905D60079F784 /* zip.h */; };
		E2CDA6B51D3905D60079F784 /* SSZipArchive.h in Headers */ = {isa = PBXBuildFile; fileRef = E2CDA6921D3905D60079F784 /* SSZipArchive.h */; };
		E2CDA6B61D3905D60079F784 /* SSZipArchive.m in Sources */ = {isa = PBXBuildFile; fileRef = E2CDA6931D3905D60079F784 /* SSZipArchive.m */; };
		E2CDA6B71D3905D60079F784 /* ZipArchive.h in Headers */ = {isa = PBXBuildFile; fileRef = E2CDA6941D3905D60079F784 /* ZipArchive.h */; };
		E2CEADBA1E8FFE8700CEF6AE /* CLUReportFileManagerTests.m in Sources */ = {isa = PBXBuildFile; fileRef = E2CEADB91E8FFE8700CEF6AE /* CLUReportFileManagerTests.m */; };
		E2CEADBF1E900C0400CEF6AE /* OCMockitoIOS.framework in Frameworks */ = {isa = PBXBuildFile; fileRef = E2CEADBD1E900C0400CEF6AE /* OCMockitoIOS.framework */; };
		E2CEADC21E900C8700CEF6AE /* OCMockitoIOS.framework in CopyFiles */ = {isa = PBXBuildFile; fileRef = E2CEADBD1E900C0400CEF6AE /* OCMockitoIOS.framework */; settings = {ATTRIBUTES = (CodeSignOnCopy, RemoveHeadersOnCopy, ); }; };
		E2CEADC41E900D9400CEF6AE /* OCHamcrestIOS.framework in Frameworks */ = {isa = PBXBuildFile; fileRef = E2CEADC31E900D9400CEF6AE /* OCHamcrestIOS.framework */; };
		E2D9A43E1E8F0EC20099B0AA /* AppDelegate.swift in Sources */ = {isa = PBXBuildFile; fileRef = E2D9A43D1E8F0EC20099B0AA /* AppDelegate.swift */; };
		E2D9A4401E8F0EC20099B0AA /* MasterViewController.swift in Sources */ = {isa = PBXBuildFile; fileRef = E2D9A43F1E8F0EC20099B0AA /* MasterViewController.swift */; };
		E2D9A4421E8F0EC20099B0AA /* DetailViewController.swift in Sources */ = {isa = PBXBuildFile; fileRef = E2D9A4411E8F0EC20099B0AA /* DetailViewController.swift */; };
		E2D9A4451E8F0EC20099B0AA /* Main.storyboard in Resources */ = {isa = PBXBuildFile; fileRef = E2D9A4431E8F0EC20099B0AA /* Main.storyboard */; };
		E2D9A4471E8F0EC20099B0AA /* Assets.xcassets in Resources */ = {isa = PBXBuildFile; fileRef = E2D9A4461E8F0EC20099B0AA /* Assets.xcassets */; };
		E2D9A44A1E8F0EC20099B0AA /* LaunchScreen.storyboard in Resources */ = {isa = PBXBuildFile; fileRef = E2D9A4481E8F0EC20099B0AA /* LaunchScreen.storyboard */; };
		E2EBC7F71D3AE26D00E52D5D /* CLUMailDelegate.h in Headers */ = {isa = PBXBuildFile; fileRef = E2EBC7F51D3AE26D00E52D5D /* CLUMailDelegate.h */; settings = {ATTRIBUTES = (Public, ); }; };
		E2EBC7F81D3AE26D00E52D5D /* CLUMailDelegate.m in Sources */ = {isa = PBXBuildFile; fileRef = E2EBC7F61D3AE26D00E52D5D /* CLUMailDelegate.m */; };
/* End PBXBuildFile section */

/* Begin PBXContainerItemProxy section */
		E272DD8E1CD5223300F1FECA /* PBXContainerItemProxy */ = {
			isa = PBXContainerItemProxy;
			containerPortal = E272DD791CD5223300F1FECA /* Project object */;
			proxyType = 1;
			remoteGlobalIDString = E272DD811CD5223300F1FECA;
			remoteInfo = Clue;
		};
		E272DDB81CD5230300F1FECA /* PBXContainerItemProxy */ = {
			isa = PBXContainerItemProxy;
			containerPortal = E272DD791CD5223300F1FECA /* Project object */;
			proxyType = 1;
			remoteGlobalIDString = E272DD811CD5223300F1FECA;
			remoteInfo = Clue;
		};
		E2D9A44F1E8F0F000099B0AA /* PBXContainerItemProxy */ = {
			isa = PBXContainerItemProxy;
			containerPortal = E272DD791CD5223300F1FECA /* Project object */;
			proxyType = 1;
			remoteGlobalIDString = E272DD811CD5223300F1FECA;
			remoteInfo = Clue;
		};
/* End PBXContainerItemProxy section */

/* Begin PBXCopyFilesBuildPhase section */
		AF79EA581EAFCD42002231B9 /* Embed Frameworks */ = {
			isa = PBXCopyFilesBuildPhase;
			buildActionMask = 2147483647;
			dstPath = "";
			dstSubfolderSpec = 10;
			files = (
				AF79EA571EAFCD42002231B9 /* Clue.framework in Embed Frameworks */,
			);
			name = "Embed Frameworks";
			runOnlyForDeploymentPostprocessing = 0;
		};
		E2CEADC01E900C7200CEF6AE /* CopyFiles */ = {
			isa = PBXCopyFilesBuildPhase;
			buildActionMask = 2147483647;
			dstPath = "";
			dstSubfolderSpec = 10;
			files = (
				E2CEADC21E900C8700CEF6AE /* OCMockitoIOS.framework in CopyFiles */,
			);
			runOnlyForDeploymentPostprocessing = 0;
		};
/* End PBXCopyFilesBuildPhase section */

/* Begin PBXFileReference section */
		AF15549A1EB568F1005D1046 /* DataWriter.swift */ = {isa = PBXFileReference; fileEncoding = 4; lastKnownFileType = sourcecode.swift; path = DataWriter.swift; sourceTree = "<group>"; };
		AF2B52611EBF97570026594F /* ViewStructureModule.swift */ = {isa = PBXFileReference; fileEncoding = 4; lastKnownFileType = sourcecode.swift; path = ViewStructureModule.swift; sourceTree = "<group>"; };
		AF2B52631EBF9CC30026594F /* NetworkModule.swift */ = {isa = PBXFileReference; fileEncoding = 4; lastKnownFileType = sourcecode.swift; path = NetworkModule.swift; sourceTree = "<group>"; };
		AF34EE291ED347C5005E05FC /* VideoWriterTests.swift */ = {isa = PBXFileReference; fileEncoding = 4; lastKnownFileType = sourcecode.swift; path = VideoWriterTests.swift; sourceTree = "<group>"; };
		AF34EE2B1ED354F9005E05FC /* VideoModule.swift */ = {isa = PBXFileReference; fileEncoding = 4; lastKnownFileType = sourcecode.swift; path = VideoModule.swift; sourceTree = "<group>"; };
		AF34EE2D1ED37174005E05FC /* ReportComposer.swift */ = {isa = PBXFileReference; fileEncoding = 4; lastKnownFileType = sourcecode.swift; path = ReportComposer.swift; sourceTree = "<group>"; };
		AF34EE2F1ED37FEC005E05FC /* InfoModule.swift */ = {isa = PBXFileReference; fileEncoding = 4; lastKnownFileType = sourcecode.swift; path = InfoModule.swift; sourceTree = "<group>"; };
		AF34EE311ED38264005E05FC /* RecordableModule.swift */ = {isa = PBXFileReference; fileEncoding = 4; lastKnownFileType = sourcecode.swift; path = RecordableModule.swift; sourceTree = "<group>"; };
		AF34EE331ED38682005E05FC /* Writable.swift */ = {isa = PBXFileReference; fileEncoding = 4; lastKnownFileType = sourcecode.swift; path = Writable.swift; sourceTree = "<group>"; };
		AF34EE351ED388C5005E05FC /* ClueController.swift */ = {isa = PBXFileReference; fileEncoding = 4; lastKnownFileType = sourcecode.swift; path = ClueController.swift; sourceTree = "<group>"; };
		AF422CBA1EC2166C0028AA33 /* ObserveModuleTests.swift */ = {isa = PBXFileReference; fileEncoding = 4; lastKnownFileType = sourcecode.swift; path = ObserveModuleTests.swift; sourceTree = "<group>"; };
		AF4B1EB01ED301160024AB1C /* VideoWriter.swift */ = {isa = PBXFileReference; fileEncoding = 4; lastKnownFileType = sourcecode.swift; path = VideoWriter.swift; sourceTree = "<group>"; };
		AF4FB5D31EBACCB500FB9F0B /* Result.swift */ = {isa = PBXFileReference; fileEncoding = 4; lastKnownFileType = sourcecode.swift; name = Result.swift; path = Utils/Result.swift; sourceTree = "<group>"; };
		AF53145F1EB018E8005A5146 /* JSONWriter.swift */ = {isa = PBXFileReference; fileEncoding = 4; lastKnownFileType = sourcecode.swift; path = JSONWriter.swift; sourceTree = "<group>"; };
		AF5314601EB018E8005A5146 /* DataWriterError.swift */ = {isa = PBXFileReference; fileEncoding = 4; lastKnownFileType = sourcecode.swift; path = DataWriterError.swift; sourceTree = "<group>"; };
		AF5314651EB01931005A5146 /* DataWriterErrorTests.swift */ = {isa = PBXFileReference; fileEncoding = 4; lastKnownFileType = sourcecode.swift; path = DataWriterErrorTests.swift; sourceTree = "<group>"; };
		AF5314661EB01931005A5146 /* JSONWriterTests.swift */ = {isa = PBXFileReference; fileEncoding = 4; lastKnownFileType = sourcecode.swift; path = JSONWriterTests.swift; sourceTree = "<group>"; };
		AF6756891EB674380057CA08 /* DataWriterTests.swift */ = {isa = PBXFileReference; fileEncoding = 4; lastKnownFileType = sourcecode.swift; path = DataWriterTests.swift; sourceTree = "<group>"; };
		AF73FF101EC0C05F00B8EA4D /* DeviceInfoModule.swift */ = {isa = PBXFileReference; fileEncoding = 4; lastKnownFileType = sourcecode.swift; path = DeviceInfoModule.swift; sourceTree = "<group>"; };
		AF73FF121EC0C45400B8EA4D /* ExceptionInfoModule.swift */ = {isa = PBXFileReference; fileEncoding = 4; lastKnownFileType = sourcecode.swift; path = ExceptionInfoModule.swift; sourceTree = "<group>"; };
		AF73FF141EC0F28100B8EA4D /* Dictionary+Util.swift */ = {isa = PBXFileReference; fileEncoding = 4; lastKnownFileType = sourcecode.swift; path = "Dictionary+Util.swift"; sourceTree = "<group>"; };
		AF7879DE1EC516E500938263 /* UIDevice+Util.swift */ = {isa = PBXFileReference; fileEncoding = 4; lastKnownFileType = sourcecode.swift; path = "UIDevice+Util.swift"; sourceTree = "<group>"; };
		AFBD5DB31EC09C0D00858442 /* UserInteractionModule.swift */ = {isa = PBXFileReference; fileEncoding = 4; lastKnownFileType = sourcecode.swift; path = UserInteractionModule.swift; sourceTree = "<group>"; };
		AFD9F7111EBEC79E001EE2A7 /* ObserveModule.swift */ = {isa = PBXFileReference; fileEncoding = 4; lastKnownFileType = sourcecode.swift; path = ObserveModule.swift; sourceTree = "<group>"; };
		E20F23461D31947200654690 /* CLUReportFileManager.h */ = {isa = PBXFileReference; fileEncoding = 4; lastKnownFileType = sourcecode.c.h; path = CLUReportFileManager.h; sourceTree = "<group>"; };
		E20F23471D31947200654690 /* CLUReportFileManager.m */ = {isa = PBXFileReference; fileEncoding = 4; lastKnownFileType = sourcecode.c.objc; path = CLUReportFileManager.m; sourceTree = "<group>"; };
		E21563981D25A15A005EDF61 /* NSException+CLUExceptionAdditions.h */ = {isa = PBXFileReference; fileEncoding = 4; lastKnownFileType = sourcecode.c.h; path = "NSException+CLUExceptionAdditions.h"; sourceTree = "<group>"; };
		E21563991D25A15A005EDF61 /* NSException+CLUExceptionAdditions.m */ = {isa = PBXFileReference; fileEncoding = 4; lastKnownFileType = sourcecode.c.objc; path = "NSException+CLUExceptionAdditions.m"; sourceTree = "<group>"; };
		E21840D21CFCD7F80053422C /* UIImageView+CLUViewRecordableAdditions.h */ = {isa = PBXFileReference; fileEncoding = 4; lastKnownFileType = sourcecode.c.h; path = "UIImageView+CLUViewRecordableAdditions.h"; sourceTree = "<group>"; };
		E21840D31CFCD7F80053422C /* UIImageView+CLUViewRecordableAdditions.m */ = {isa = PBXFileReference; fileEncoding = 4; lastKnownFileType = sourcecode.c.objc; path = "UIImageView+CLUViewRecordableAdditions.m"; sourceTree = "<group>"; };
		E21840D61CFCDA4B0053422C /* UITextField+CLUViewRecordableAdditions.h */ = {isa = PBXFileReference; fileEncoding = 4; lastKnownFileType = sourcecode.c.h; path = "UITextField+CLUViewRecordableAdditions.h"; sourceTree = "<group>"; };
		E21840D71CFCDA4B0053422C /* UITextField+CLUViewRecordableAdditions.m */ = {isa = PBXFileReference; fileEncoding = 4; lastKnownFileType = sourcecode.c.objc; path = "UITextField+CLUViewRecordableAdditions.m"; sourceTree = "<group>"; };
		E22F60ED1D265DBE0062D6B8 /* CLUTouch.h */ = {isa = PBXFileReference; fileEncoding = 4; lastKnownFileType = sourcecode.c.h; path = CLUTouch.h; sourceTree = "<group>"; };
		E22F60EE1D265DBE0062D6B8 /* CLUTouch.m */ = {isa = PBXFileReference; fileEncoding = 4; lastKnownFileType = sourcecode.c.objc; path = CLUTouch.m; sourceTree = "<group>"; };
		E232BA891CF8214D00F5DB52 /* CLUViewRecordableProperties.h */ = {isa = PBXFileReference; fileEncoding = 4; lastKnownFileType = sourcecode.c.h; path = CLUViewRecordableProperties.h; sourceTree = "<group>"; };
		E232BA8C1CF821D400F5DB52 /* UIView+CLUViewRecordableAdditions.h */ = {isa = PBXFileReference; fileEncoding = 4; lastKnownFileType = sourcecode.c.h; path = "UIView+CLUViewRecordableAdditions.h"; sourceTree = "<group>"; };
		E232BA8D1CF821D400F5DB52 /* UIView+CLUViewRecordableAdditions.m */ = {isa = PBXFileReference; fileEncoding = 4; lastKnownFileType = sourcecode.c.objc; path = "UIView+CLUViewRecordableAdditions.m"; sourceTree = "<group>"; };
		E232BA901CF830DC00F5DB52 /* UILabel+CLUViewRecordableAdditions.h */ = {isa = PBXFileReference; fileEncoding = 4; lastKnownFileType = sourcecode.c.h; path = "UILabel+CLUViewRecordableAdditions.h"; sourceTree = "<group>"; };
		E232BA911CF830DC00F5DB52 /* UILabel+CLUViewRecordableAdditions.m */ = {isa = PBXFileReference; fileEncoding = 4; lastKnownFileType = sourcecode.c.objc; path = "UILabel+CLUViewRecordableAdditions.m"; sourceTree = "<group>"; };
		E23891391D1BDA8C00D688CD /* NSError+CLUNetworkAdditions.h */ = {isa = PBXFileReference; fileEncoding = 4; lastKnownFileType = sourcecode.c.h; path = "NSError+CLUNetworkAdditions.h"; sourceTree = "<group>"; };
		E238913A1D1BDA8C00D688CD /* NSError+CLUNetworkAdditions.m */ = {isa = PBXFileReference; fileEncoding = 4; lastKnownFileType = sourcecode.c.objc; path = "NSError+CLUNetworkAdditions.m"; sourceTree = "<group>"; };
		E238913D1D1BDC3C00D688CD /* NSURLResponse+CLUNetworkAdditions.h */ = {isa = PBXFileReference; fileEncoding = 4; lastKnownFileType = sourcecode.c.h; path = "NSURLResponse+CLUNetworkAdditions.h"; sourceTree = "<group>"; };
		E238913E1D1BDC3C00D688CD /* NSURLResponse+CLUNetworkAdditions.m */ = {isa = PBXFileReference; fileEncoding = 4; lastKnownFileType = sourcecode.c.objc; path = "NSURLResponse+CLUNetworkAdditions.m"; sourceTree = "<group>"; };
		E23891411D1BDE0300D688CD /* NSHTTPURLResponse+CLUNetworkAdditions.h */ = {isa = PBXFileReference; fileEncoding = 4; lastKnownFileType = sourcecode.c.h; path = "NSHTTPURLResponse+CLUNetworkAdditions.h"; sourceTree = "<group>"; };
		E23891421D1BDE0300D688CD /* NSHTTPURLResponse+CLUNetworkAdditions.m */ = {isa = PBXFileReference; fileEncoding = 4; lastKnownFileType = sourcecode.c.objc; path = "NSHTTPURLResponse+CLUNetworkAdditions.m"; sourceTree = "<group>"; };
		E23891451D1BDF9300D688CD /* NSURLRequest+CLUNetworkAdditions.h */ = {isa = PBXFileReference; fileEncoding = 4; lastKnownFileType = sourcecode.c.h; path = "NSURLRequest+CLUNetworkAdditions.h"; sourceTree = "<group>"; };
		E23891461D1BDF9300D688CD /* NSURLRequest+CLUNetworkAdditions.m */ = {isa = PBXFileReference; fileEncoding = 4; lastKnownFileType = sourcecode.c.objc; path = "NSURLRequest+CLUNetworkAdditions.m"; sourceTree = "<group>"; };
		E241F4621E7B333A0075EF2C /* CLUTextFieldViewRecordableAdditions.m */ = {isa = PBXFileReference; fileEncoding = 4; lastKnownFileType = sourcecode.c.objc; path = CLUTextFieldViewRecordableAdditions.m; sourceTree = "<group>"; };
		E241F4641E7B37770075EF2C /* CLUTouchUserInteractionAdditions.m */ = {isa = PBXFileReference; fileEncoding = 4; lastKnownFileType = sourcecode.c.objc; path = CLUTouchUserInteractionAdditions.m; sourceTree = "<group>"; };
		E241F4661E7B39DE0075EF2C /* CLUErrorNetworkAdditions.m */ = {isa = PBXFileReference; fileEncoding = 4; lastKnownFileType = sourcecode.c.objc; path = CLUErrorNetworkAdditions.m; sourceTree = "<group>"; };
		E241F4681E7B3D990075EF2C /* CLUCommunicationNetworkAdditions.m */ = {isa = PBXFileReference; fileEncoding = 4; lastKnownFileType = sourcecode.c.objc; path = CLUCommunicationNetworkAdditions.m; sourceTree = "<group>"; };
		E241F46A1E7BDE000075EF2C /* CLUExceptionAdditions.m */ = {isa = PBXFileReference; fileEncoding = 4; lastKnownFileType = sourcecode.c.objc; path = CLUExceptionAdditions.m; sourceTree = "<group>"; };
		E24AEDF91D06DA18001F31FF /* CLUInteractionObserverDelegate.h */ = {isa = PBXFileReference; fileEncoding = 4; lastKnownFileType = sourcecode.c.h; path = CLUInteractionObserverDelegate.h; sourceTree = "<group>"; };
		E24AEDFC1D06DD28001F31FF /* CLUGeneralGestureRecognizer.h */ = {isa = PBXFileReference; fileEncoding = 4; lastKnownFileType = sourcecode.c.h; path = CLUGeneralGestureRecognizer.h; sourceTree = "<group>"; };
		E24AEDFD1D06DD28001F31FF /* CLUGeneralGestureRecognizer.m */ = {isa = PBXFileReference; fileEncoding = 4; lastKnownFileType = sourcecode.c.objc; path = CLUGeneralGestureRecognizer.m; sourceTree = "<group>"; };
		E24AEE001D06E9DC001F31FF /* UITouch+CLUUserInteractionAdditions.h */ = {isa = PBXFileReference; fileEncoding = 4; lastKnownFileType = sourcecode.c.h; path = "UITouch+CLUUserInteractionAdditions.h"; sourceTree = "<group>"; };
		E24AEE011D06E9DC001F31FF /* UITouch+CLUUserInteractionAdditions.m */ = {isa = PBXFileReference; fileEncoding = 4; lastKnownFileType = sourcecode.c.objc; path = "UITouch+CLUUserInteractionAdditions.m"; sourceTree = "<group>"; };
		E24E2D6D1E74899600804E13 /* CLUGeneralGestureRecognizerTests.m */ = {isa = PBXFileReference; fileEncoding = 4; lastKnownFileType = sourcecode.c.objc; path = CLUGeneralGestureRecognizerTests.m; sourceTree = "<group>"; };
		E24E2D701E74C1AF00804E13 /* CLUUIViewAdditionsTests.m */ = {isa = PBXFileReference; fileEncoding = 4; lastKnownFileType = sourcecode.c.objc; path = CLUUIViewAdditionsTests.m; sourceTree = "<group>"; };
		E24E6CCB1EAA11C100A2F0C1 /* NSMutableDictionary+CLUUtilsAdditions.h */ = {isa = PBXFileReference; fileEncoding = 4; lastKnownFileType = sourcecode.c.h; path = "NSMutableDictionary+CLUUtilsAdditions.h"; sourceTree = "<group>"; };
		E24E6CCC1EAA11C100A2F0C1 /* NSMutableDictionary+CLUUtilsAdditions.m */ = {isa = PBXFileReference; fileEncoding = 4; lastKnownFileType = sourcecode.c.objc; path = "NSMutableDictionary+CLUUtilsAdditions.m"; sourceTree = "<group>"; };
		E24E6CCF1EAA13C100A2F0C1 /* CLUNSMutableDictionaryUtilsAdditionsTests.m */ = {isa = PBXFileReference; fileEncoding = 4; lastKnownFileType = sourcecode.c.objc; path = CLUNSMutableDictionaryUtilsAdditionsTests.m; sourceTree = "<group>"; };
		E258F3FD1CE3D037001E9F92 /* CLUOptions.h */ = {isa = PBXFileReference; fileEncoding = 4; lastKnownFileType = sourcecode.c.h; path = CLUOptions.h; sourceTree = "<group>"; };
		E258F3FE1CE3D037001E9F92 /* CLUOptions.m */ = {isa = PBXFileReference; fileEncoding = 4; lastKnownFileType = sourcecode.c.objc; path = CLUOptions.m; sourceTree = "<group>"; };
		E272DD821CD5223300F1FECA /* Clue.framework */ = {isa = PBXFileReference; explicitFileType = wrapper.framework; includeInIndex = 0; path = Clue.framework; sourceTree = BUILT_PRODUCTS_DIR; };
		E272DD851CD5223300F1FECA /* Clue.h */ = {isa = PBXFileReference; lastKnownFileType = sourcecode.c.h; path = Clue.h; sourceTree = "<group>"; };
		E272DD871CD5223300F1FECA /* Info.plist */ = {isa = PBXFileReference; lastKnownFileType = text.plist.xml; path = Info.plist; sourceTree = "<group>"; };
		E272DD8C1CD5223300F1FECA /* ClueTests.xctest */ = {isa = PBXFileReference; explicitFileType = wrapper.cfbundle; includeInIndex = 0; path = ClueTests.xctest; sourceTree = BUILT_PRODUCTS_DIR; };
		E272DD931CD5223300F1FECA /* Info.plist */ = {isa = PBXFileReference; lastKnownFileType = text.plist.xml; path = Info.plist; sourceTree = "<group>"; };
		E272DDA11CD522F000F1FECA /* ClueExampleApp.app */ = {isa = PBXFileReference; explicitFileType = wrapper.application; includeInIndex = 0; path = ClueExampleApp.app; sourceTree = BUILT_PRODUCTS_DIR; };
		E272DDA41CD522F000F1FECA /* main.m */ = {isa = PBXFileReference; lastKnownFileType = sourcecode.c.objc; path = main.m; sourceTree = "<group>"; };
		E272DDA61CD522F000F1FECA /* AppDelegate.h */ = {isa = PBXFileReference; lastKnownFileType = sourcecode.c.h; path = AppDelegate.h; sourceTree = "<group>"; };
		E272DDA71CD522F000F1FECA /* AppDelegate.m */ = {isa = PBXFileReference; lastKnownFileType = sourcecode.c.objc; path = AppDelegate.m; sourceTree = "<group>"; };
		E272DDA91CD522F000F1FECA /* ViewController.h */ = {isa = PBXFileReference; lastKnownFileType = sourcecode.c.h; path = ViewController.h; sourceTree = "<group>"; };
		E272DDAA1CD522F000F1FECA /* ViewController.m */ = {isa = PBXFileReference; lastKnownFileType = sourcecode.c.objc; path = ViewController.m; sourceTree = "<group>"; };
		E272DDAD1CD522F000F1FECA /* Base */ = {isa = PBXFileReference; lastKnownFileType = file.storyboard; name = Base; path = Base.lproj/Main.storyboard; sourceTree = "<group>"; };
		E272DDAF1CD522F000F1FECA /* Assets.xcassets */ = {isa = PBXFileReference; lastKnownFileType = folder.assetcatalog; path = Assets.xcassets; sourceTree = "<group>"; };
		E272DDB21CD522F000F1FECA /* Base */ = {isa = PBXFileReference; lastKnownFileType = file.storyboard; name = Base; path = Base.lproj/LaunchScreen.storyboard; sourceTree = "<group>"; };
		E272DDB41CD522F000F1FECA /* Info.plist */ = {isa = PBXFileReference; lastKnownFileType = text.plist.xml; path = Info.plist; sourceTree = "<group>"; };
		E28258BE1E7ABCDF000DAAB4 /* CLULabelRecordableAdditions.m */ = {isa = PBXFileReference; fileEncoding = 4; lastKnownFileType = sourcecode.c.objc; path = CLULabelRecordableAdditions.m; sourceTree = "<group>"; };
		E28258C01E7AC3B3000DAAB4 /* CLUImageViewRecordableAdditions.m */ = {isa = PBXFileReference; fileEncoding = 4; lastKnownFileType = sourcecode.c.objc; path = CLUImageViewRecordableAdditions.m; sourceTree = "<group>"; };
		E286100E1CEFB9C300FA9BAF /* Karla-Bold.ttf */ = {isa = PBXFileReference; lastKnownFileType = file; path = "Karla-Bold.ttf"; sourceTree = "<group>"; };
		E286100F1CEFB9C300FA9BAF /* Karla-BoldItalic.ttf */ = {isa = PBXFileReference; lastKnownFileType = file; path = "Karla-BoldItalic.ttf"; sourceTree = "<group>"; };
		E28610101CEFB9C300FA9BAF /* Karla-Italic.ttf */ = {isa = PBXFileReference; lastKnownFileType = file; path = "Karla-Italic.ttf"; sourceTree = "<group>"; };
		E28610111CEFB9C300FA9BAF /* Karla-Regular.ttf */ = {isa = PBXFileReference; lastKnownFileType = file; path = "Karla-Regular.ttf"; sourceTree = "<group>"; };
		E291DEA81D14A04F009AB23F /* CLUURLProtocol.h */ = {isa = PBXFileReference; fileEncoding = 4; lastKnownFileType = sourcecode.c.h; path = CLUURLProtocol.h; sourceTree = "<group>"; };
		E291DEA91D14A04F009AB23F /* CLUURLProtocol.m */ = {isa = PBXFileReference; fileEncoding = 4; lastKnownFileType = sourcecode.c.objc; path = CLUURLProtocol.m; sourceTree = "<group>"; };
		E291DEAC1D14A741009AB23F /* CLUNetworkObserverDelegate.h */ = {isa = PBXFileReference; fileEncoding = 4; lastKnownFileType = sourcecode.c.h; path = CLUNetworkObserverDelegate.h; sourceTree = "<group>"; };
		E29233D31D358B6300DA88C2 /* CLUMailHelper.h */ = {isa = PBXFileReference; fileEncoding = 4; lastKnownFileType = sourcecode.c.h; path = CLUMailHelper.h; sourceTree = "<group>"; };
		E29233D41D358B6300DA88C2 /* CLUMailHelper.m */ = {isa = PBXFileReference; fileEncoding = 4; lastKnownFileType = sourcecode.c.objc; path = CLUMailHelper.m; sourceTree = "<group>"; };
		E2ABF6451D424531006646B3 /* CLURecordIndicatorView.h */ = {isa = PBXFileReference; fileEncoding = 4; lastKnownFileType = sourcecode.c.h; path = CLURecordIndicatorView.h; sourceTree = "<group>"; };
		E2ABF6461D424531006646B3 /* CLURecordIndicatorView.m */ = {isa = PBXFileReference; fileEncoding = 4; lastKnownFileType = sourcecode.c.objc; path = CLURecordIndicatorView.m; sourceTree = "<group>"; };
		E2ABF6491D425108006646B3 /* CLURecordIndicatorViewManager.h */ = {isa = PBXFileReference; fileEncoding = 4; lastKnownFileType = sourcecode.c.h; path = CLURecordIndicatorViewManager.h; sourceTree = "<group>"; };
		E2ABF64A1D425108006646B3 /* CLURecordIndicatorViewManager.m */ = {isa = PBXFileReference; fileEncoding = 4; lastKnownFileType = sourcecode.c.objc; path = CLURecordIndicatorViewManager.m; sourceTree = "<group>"; };
		E2C604981E80782900A0918D /* CLUTouchTests.m */ = {isa = PBXFileReference; fileEncoding = 4; lastKnownFileType = sourcecode.c.objc; path = CLUTouchTests.m; sourceTree = "<group>"; };
		E2CDA6111D3903110079F784 /* libz.tbd */ = {isa = PBXFileReference; lastKnownFileType = "sourcecode.text-based-dylib-definition"; name = libz.tbd; path = usr/lib/libz.tbd; sourceTree = SDKROOT; };
		E2CDA6711D3905D60079F784 /* aes.h */ = {isa = PBXFileReference; fileEncoding = 4; lastKnownFileType = sourcecode.c.h; path = aes.h; sourceTree = "<group>"; };
		E2CDA6721D3905D60079F784 /* aes_via_ace.h */ = {isa = PBXFileReference; fileEncoding = 4; lastKnownFileType = sourcecode.c.h; path = aes_via_ace.h; sourceTree = "<group>"; };
		E2CDA6731D3905D60079F784 /* aescrypt.c */ = {isa = PBXFileReference; fileEncoding = 4; lastKnownFileType = sourcecode.c.c; path = aescrypt.c; sourceTree = "<group>"; };
		E2CDA6741D3905D60079F784 /* aeskey.c */ = {isa = PBXFileReference; fileEncoding = 4; lastKnownFileType = sourcecode.c.c; path = aeskey.c; sourceTree = "<group>"; };
		E2CDA6751D3905D60079F784 /* aesopt.h */ = {isa = PBXFileReference; fileEncoding = 4; lastKnownFileType = sourcecode.c.h; path = aesopt.h; sourceTree = "<group>"; };
		E2CDA6761D3905D60079F784 /* aestab.c */ = {isa = PBXFileReference; fileEncoding = 4; lastKnownFileType = sourcecode.c.c; path = aestab.c; sourceTree = "<group>"; };
		E2CDA6771D3905D60079F784 /* aestab.h */ = {isa = PBXFileReference; fileEncoding = 4; lastKnownFileType = sourcecode.c.h; path = aestab.h; sourceTree = "<group>"; };
		E2CDA6781D3905D60079F784 /* brg_endian.h */ = {isa = PBXFileReference; fileEncoding = 4; lastKnownFileType = sourcecode.c.h; path = brg_endian.h; sourceTree = "<group>"; };
		E2CDA6791D3905D60079F784 /* brg_types.h */ = {isa = PBXFileReference; fileEncoding = 4; lastKnownFileType = sourcecode.c.h; path = brg_types.h; sourceTree = "<group>"; };
		E2CDA67A1D3905D60079F784 /* entropy.c */ = {isa = PBXFileReference; fileEncoding = 4; lastKnownFileType = sourcecode.c.c; path = entropy.c; sourceTree = "<group>"; };
		E2CDA67B1D3905D60079F784 /* entropy.h */ = {isa = PBXFileReference; fileEncoding = 4; lastKnownFileType = sourcecode.c.h; path = entropy.h; sourceTree = "<group>"; };
		E2CDA67C1D3905D60079F784 /* fileenc.c */ = {isa = PBXFileReference; fileEncoding = 4; lastKnownFileType = sourcecode.c.c; path = fileenc.c; sourceTree = "<group>"; };
		E2CDA67D1D3905D60079F784 /* fileenc.h */ = {isa = PBXFileReference; fileEncoding = 4; lastKnownFileType = sourcecode.c.h; path = fileenc.h; sourceTree = "<group>"; };
		E2CDA67E1D3905D60079F784 /* hmac.c */ = {isa = PBXFileReference; fileEncoding = 4; lastKnownFileType = sourcecode.c.c; path = hmac.c; sourceTree = "<group>"; };
		E2CDA67F1D3905D60079F784 /* hmac.h */ = {isa = PBXFileReference; fileEncoding = 4; lastKnownFileType = sourcecode.c.h; path = hmac.h; sourceTree = "<group>"; };
		E2CDA6801D3905D60079F784 /* prng.c */ = {isa = PBXFileReference; fileEncoding = 4; lastKnownFileType = sourcecode.c.c; path = prng.c; sourceTree = "<group>"; };
		E2CDA6811D3905D60079F784 /* prng.h */ = {isa = PBXFileReference; fileEncoding = 4; lastKnownFileType = sourcecode.c.h; path = prng.h; sourceTree = "<group>"; };
		E2CDA6821D3905D60079F784 /* pwd2key.c */ = {isa = PBXFileReference; fileEncoding = 4; lastKnownFileType = sourcecode.c.c; path = pwd2key.c; sourceTree = "<group>"; };
		E2CDA6831D3905D60079F784 /* pwd2key.h */ = {isa = PBXFileReference; fileEncoding = 4; lastKnownFileType = sourcecode.c.h; path = pwd2key.h; sourceTree = "<group>"; };
		E2CDA6841D3905D60079F784 /* sha1.c */ = {isa = PBXFileReference; fileEncoding = 4; lastKnownFileType = sourcecode.c.c; path = sha1.c; sourceTree = "<group>"; };
		E2CDA6851D3905D60079F784 /* sha1.h */ = {isa = PBXFileReference; fileEncoding = 4; lastKnownFileType = sourcecode.c.h; path = sha1.h; sourceTree = "<group>"; };
		E2CDA6861D3905D60079F784 /* Common.h */ = {isa = PBXFileReference; fileEncoding = 4; lastKnownFileType = sourcecode.c.h; path = Common.h; sourceTree = "<group>"; };
		E2CDA6871D3905D60079F784 /* Info.plist */ = {isa = PBXFileReference; fileEncoding = 4; lastKnownFileType = text.plist.xml; path = Info.plist; sourceTree = "<group>"; };
		E2CDA6891D3905D60079F784 /* crypt.h */ = {isa = PBXFileReference; fileEncoding = 4; lastKnownFileType = sourcecode.c.h; path = crypt.h; sourceTree = "<group>"; };
		E2CDA68A1D3905D60079F784 /* ioapi.c */ = {isa = PBXFileReference; fileEncoding = 4; lastKnownFileType = sourcecode.c.c; path = ioapi.c; sourceTree = "<group>"; };
		E2CDA68B1D3905D60079F784 /* ioapi.h */ = {isa = PBXFileReference; fileEncoding = 4; lastKnownFileType = sourcecode.c.h; path = ioapi.h; sourceTree = "<group>"; };
		E2CDA68C1D3905D60079F784 /* mztools.c */ = {isa = PBXFileReference; fileEncoding = 4; lastKnownFileType = sourcecode.c.c; path = mztools.c; sourceTree = "<group>"; };
		E2CDA68D1D3905D60079F784 /* mztools.h */ = {isa = PBXFileReference; fileEncoding = 4; lastKnownFileType = sourcecode.c.h; path = mztools.h; sourceTree = "<group>"; };
		E2CDA68E1D3905D60079F784 /* unzip.c */ = {isa = PBXFileReference; fileEncoding = 4; lastKnownFileType = sourcecode.c.c; path = unzip.c; sourceTree = "<group>"; };
		E2CDA68F1D3905D60079F784 /* unzip.h */ = {isa = PBXFileReference; fileEncoding = 4; lastKnownFileType = sourcecode.c.h; path = unzip.h; sourceTree = "<group>"; };
		E2CDA6901D3905D60079F784 /* zip.c */ = {isa = PBXFileReference; fileEncoding = 4; lastKnownFileType = sourcecode.c.c; path = zip.c; sourceTree = "<group>"; };
		E2CDA6911D3905D60079F784 /* zip.h */ = {isa = PBXFileReference; fileEncoding = 4; lastKnownFileType = sourcecode.c.h; path = zip.h; sourceTree = "<group>"; };
		E2CDA6921D3905D60079F784 /* SSZipArchive.h */ = {isa = PBXFileReference; fileEncoding = 4; lastKnownFileType = sourcecode.c.h; path = SSZipArchive.h; sourceTree = "<group>"; };
		E2CDA6931D3905D60079F784 /* SSZipArchive.m */ = {isa = PBXFileReference; fileEncoding = 4; lastKnownFileType = sourcecode.c.objc; path = SSZipArchive.m; sourceTree = "<group>"; };
		E2CDA6941D3905D60079F784 /* ZipArchive.h */ = {isa = PBXFileReference; fileEncoding = 4; lastKnownFileType = sourcecode.c.h; path = ZipArchive.h; sourceTree = "<group>"; };
		E2CEADB91E8FFE8700CEF6AE /* CLUReportFileManagerTests.m */ = {isa = PBXFileReference; fileEncoding = 4; lastKnownFileType = sourcecode.c.objc; path = CLUReportFileManagerTests.m; sourceTree = "<group>"; };
		E2CEADBD1E900C0400CEF6AE /* OCMockitoIOS.framework */ = {isa = PBXFileReference; lastKnownFileType = wrapper.framework; path = OCMockitoIOS.framework; sourceTree = "<group>"; };
		E2CEADC31E900D9400CEF6AE /* OCHamcrestIOS.framework */ = {isa = PBXFileReference; lastKnownFileType = wrapper.framework; path = OCHamcrestIOS.framework; sourceTree = "<group>"; };
		E2D9A43B1E8F0EC10099B0AA /* ClueSwiftExampleApp.app */ = {isa = PBXFileReference; explicitFileType = wrapper.application; includeInIndex = 0; path = ClueSwiftExampleApp.app; sourceTree = BUILT_PRODUCTS_DIR; };
		E2D9A43D1E8F0EC20099B0AA /* AppDelegate.swift */ = {isa = PBXFileReference; lastKnownFileType = sourcecode.swift; path = AppDelegate.swift; sourceTree = "<group>"; };
		E2D9A43F1E8F0EC20099B0AA /* MasterViewController.swift */ = {isa = PBXFileReference; lastKnownFileType = sourcecode.swift; path = MasterViewController.swift; sourceTree = "<group>"; };
		E2D9A4411E8F0EC20099B0AA /* DetailViewController.swift */ = {isa = PBXFileReference; lastKnownFileType = sourcecode.swift; path = DetailViewController.swift; sourceTree = "<group>"; };
		E2D9A4441E8F0EC20099B0AA /* Base */ = {isa = PBXFileReference; lastKnownFileType = file.storyboard; name = Base; path = Base.lproj/Main.storyboard; sourceTree = "<group>"; };
		E2D9A4461E8F0EC20099B0AA /* Assets.xcassets */ = {isa = PBXFileReference; lastKnownFileType = folder.assetcatalog; path = Assets.xcassets; sourceTree = "<group>"; };
		E2D9A4491E8F0EC20099B0AA /* Base */ = {isa = PBXFileReference; lastKnownFileType = file.storyboard; name = Base; path = Base.lproj/LaunchScreen.storyboard; sourceTree = "<group>"; };
		E2D9A44B1E8F0EC20099B0AA /* Info.plist */ = {isa = PBXFileReference; lastKnownFileType = text.plist.xml; path = Info.plist; sourceTree = "<group>"; };
		E2EBC7F51D3AE26D00E52D5D /* CLUMailDelegate.h */ = {isa = PBXFileReference; fileEncoding = 4; lastKnownFileType = sourcecode.c.h; path = CLUMailDelegate.h; sourceTree = "<group>"; };
		E2EBC7F61D3AE26D00E52D5D /* CLUMailDelegate.m */ = {isa = PBXFileReference; fileEncoding = 4; lastKnownFileType = sourcecode.c.objc; path = CLUMailDelegate.m; sourceTree = "<group>"; };
/* End PBXFileReference section */

/* Begin PBXFrameworksBuildPhase section */
		E272DD7E1CD5223300F1FECA /* Frameworks */ = {
			isa = PBXFrameworksBuildPhase;
			buildActionMask = 2147483647;
			files = (
				E2CDA6121D3903110079F784 /* libz.tbd in Frameworks */,
			);
			runOnlyForDeploymentPostprocessing = 0;
		};
		E272DD891CD5223300F1FECA /* Frameworks */ = {
			isa = PBXFrameworksBuildPhase;
			buildActionMask = 2147483647;
			files = (
				E2CEADC41E900D9400CEF6AE /* OCHamcrestIOS.framework in Frameworks */,
				E272DD8D1CD5223300F1FECA /* Clue.framework in Frameworks */,
				E2CEADBF1E900C0400CEF6AE /* OCMockitoIOS.framework in Frameworks */,
			);
			runOnlyForDeploymentPostprocessing = 0;
		};
		E272DD9E1CD522F000F1FECA /* Frameworks */ = {
			isa = PBXFrameworksBuildPhase;
			buildActionMask = 2147483647;
			files = (
				AF79EA561EAFCD42002231B9 /* Clue.framework in Frameworks */,
			);
			runOnlyForDeploymentPostprocessing = 0;
		};
		E2D9A4381E8F0EC10099B0AA /* Frameworks */ = {
			isa = PBXFrameworksBuildPhase;
			buildActionMask = 2147483647;
			files = (
			);
			runOnlyForDeploymentPostprocessing = 0;
		};
/* End PBXFrameworksBuildPhase section */

/* Begin PBXGroup section */
		AF4FB5D21EBACC8B00FB9F0B /* Utils */ = {
			isa = PBXGroup;
			children = (
				AF4FB5D31EBACCB500FB9F0B /* Result.swift */,
			);
			name = Utils;
			sourceTree = "<group>";
		};
		E20F23451D31944400654690 /* FileHelpers */ = {
			isa = PBXGroup;
			children = (
				E20F23461D31947200654690 /* CLUReportFileManager.h */,
				E20F23471D31947200654690 /* CLUReportFileManager.m */,
			);
			path = FileHelpers;
			sourceTree = "<group>";
		};
		E232BA8B1CF8219400F5DB52 /* Views */ = {
			isa = PBXGroup;
			children = (
				E232BA8C1CF821D400F5DB52 /* UIView+CLUViewRecordableAdditions.h */,
				E232BA8D1CF821D400F5DB52 /* UIView+CLUViewRecordableAdditions.m */,
				E232BA901CF830DC00F5DB52 /* UILabel+CLUViewRecordableAdditions.h */,
				E232BA911CF830DC00F5DB52 /* UILabel+CLUViewRecordableAdditions.m */,
				E21840D21CFCD7F80053422C /* UIImageView+CLUViewRecordableAdditions.h */,
				E21840D31CFCD7F80053422C /* UIImageView+CLUViewRecordableAdditions.m */,
				E21840D61CFCDA4B0053422C /* UITextField+CLUViewRecordableAdditions.h */,
				E21840D71CFCDA4B0053422C /* UITextField+CLUViewRecordableAdditions.m */,
			);
			path = Views;
			sourceTree = "<group>";
		};
		E241F46C1E7BE0EC0075EF2C /* Modules */ = {
			isa = PBXGroup;
			children = (
				AF422CBA1EC2166C0028AA33 /* ObserveModuleTests.swift */,
			);
			path = Modules;
			sourceTree = "<group>";
		};
		E24AEDFB1D06DCE1001F31FF /* GestureRecognizers */ = {
			isa = PBXGroup;
			children = (
				E24AEDFC1D06DD28001F31FF /* CLUGeneralGestureRecognizer.h */,
				E24AEDFD1D06DD28001F31FF /* CLUGeneralGestureRecognizer.m */,
			);
			path = GestureRecognizers;
			sourceTree = "<group>";
		};
		E24E2D6C1E74893400804E13 /* ModulesUtils */ = {
			isa = PBXGroup;
			children = (
				E24E2D6D1E74899600804E13 /* CLUGeneralGestureRecognizerTests.m */,
				E2CEADB91E8FFE8700CEF6AE /* CLUReportFileManagerTests.m */,
			);
			path = ModulesUtils;
			sourceTree = "<group>";
		};
		E24E2D6F1E74C12600804E13 /* Extensions */ = {
			isa = PBXGroup;
			children = (
				E24E2D701E74C1AF00804E13 /* CLUUIViewAdditionsTests.m */,
				E28258BE1E7ABCDF000DAAB4 /* CLULabelRecordableAdditions.m */,
				E28258C01E7AC3B3000DAAB4 /* CLUImageViewRecordableAdditions.m */,
				E241F4621E7B333A0075EF2C /* CLUTextFieldViewRecordableAdditions.m */,
				E241F4641E7B37770075EF2C /* CLUTouchUserInteractionAdditions.m */,
				E241F4661E7B39DE0075EF2C /* CLUErrorNetworkAdditions.m */,
				E241F4681E7B3D990075EF2C /* CLUCommunicationNetworkAdditions.m */,
				E241F46A1E7BDE000075EF2C /* CLUExceptionAdditions.m */,
				E24E6CCF1EAA13C100A2F0C1 /* CLUNSMutableDictionaryUtilsAdditionsTests.m */,
			);
			path = Extensions;
			sourceTree = "<group>";
		};
		E258F3F81CE3CD6A001E9F92 /* Extensions */ = {
			isa = PBXGroup;
			children = (
				E232BA8B1CF8219400F5DB52 /* Views */,
				E24AEE001D06E9DC001F31FF /* UITouch+CLUUserInteractionAdditions.h */,
				E24AEE011D06E9DC001F31FF /* UITouch+CLUUserInteractionAdditions.m */,
				E23891391D1BDA8C00D688CD /* NSError+CLUNetworkAdditions.h */,
				E238913A1D1BDA8C00D688CD /* NSError+CLUNetworkAdditions.m */,
				E238913D1D1BDC3C00D688CD /* NSURLResponse+CLUNetworkAdditions.h */,
				E238913E1D1BDC3C00D688CD /* NSURLResponse+CLUNetworkAdditions.m */,
				E23891411D1BDE0300D688CD /* NSHTTPURLResponse+CLUNetworkAdditions.h */,
				E23891421D1BDE0300D688CD /* NSHTTPURLResponse+CLUNetworkAdditions.m */,
				E23891451D1BDF9300D688CD /* NSURLRequest+CLUNetworkAdditions.h */,
				E23891461D1BDF9300D688CD /* NSURLRequest+CLUNetworkAdditions.m */,
				E21563981D25A15A005EDF61 /* NSException+CLUExceptionAdditions.h */,
				E21563991D25A15A005EDF61 /* NSException+CLUExceptionAdditions.m */,
				E24E6CCB1EAA11C100A2F0C1 /* NSMutableDictionary+CLUUtilsAdditions.h */,
				E24E6CCC1EAA11C100A2F0C1 /* NSMutableDictionary+CLUUtilsAdditions.m */,
				AF73FF141EC0F28100B8EA4D /* Dictionary+Util.swift */,
				AF7879DE1EC516E500938263 /* UIDevice+Util.swift */,
			);
			path = Extensions;
			sourceTree = "<group>";
		};
		E272DD781CD5223300F1FECA = {
			isa = PBXGroup;
			children = (
				E272DD841CD5223300F1FECA /* Clue */,
				E272DD901CD5223300F1FECA /* ClueTests */,
				E272DDA21CD522F000F1FECA /* ClueExampleApp */,
				E2D9A43C1E8F0EC20099B0AA /* ClueSwiftExampleApp */,
				E272DD831CD5223300F1FECA /* Products */,
			);
			sourceTree = "<group>";
		};
		E272DD831CD5223300F1FECA /* Products */ = {
			isa = PBXGroup;
			children = (
				E272DD821CD5223300F1FECA /* Clue.framework */,
				E272DD8C1CD5223300F1FECA /* ClueTests.xctest */,
				E272DDA11CD522F000F1FECA /* ClueExampleApp.app */,
				E2D9A43B1E8F0EC10099B0AA /* ClueSwiftExampleApp.app */,
			);
			name = Products;
			sourceTree = "<group>";
		};
		E272DD841CD5223300F1FECA /* Clue */ = {
			isa = PBXGroup;
			children = (
				E272DDBA1CD52B4000F1FECA /* Frameworks */,
				E272DD9C1CD5225B00F1FECA /* Classes */,
				E272DD851CD5223300F1FECA /* Clue.h */,
				E272DD871CD5223300F1FECA /* Info.plist */,
			);
			path = Clue;
			sourceTree = "<group>";
		};
		E272DD901CD5223300F1FECA /* ClueTests */ = {
			isa = PBXGroup;
			children = (
				E2CEADBB1E900BE600CEF6AE /* Frameworks */,
				E2AD27931E729AB00062FE3D /* Classes */,
				E272DD931CD5223300F1FECA /* Info.plist */,
			);
			path = ClueTests;
			sourceTree = "<group>";
		};
		E272DD9C1CD5225B00F1FECA /* Classes */ = {
			isa = PBXGroup;
			children = (
				AF34EE351ED388C5005E05FC /* ClueController.swift */,
				E28CC08A1CEE210D00C9DFD9 /* Composers */,
				E2A30C851CED017F00A48C61 /* Protocols */,
				E2A30C841CED017200A48C61 /* Modules */,
				E291DEA61D149E1B009AB23F /* ModulesUtils */,
				E2A30C8E1CED0BC700A48C61 /* Writers */,
				E258F3F81CE3CD6A001E9F92 /* Extensions */,
				E272DDBD1CD5300000F1FECA /* Views */,
				E272DDBB1CD52FE300F1FECA /* Models */,
				AF4FB5D21EBACC8B00FB9F0B /* Utils */,
			);
			path = Classes;
			sourceTree = "<group>";
		};
		E272DDA21CD522F000F1FECA /* ClueExampleApp */ = {
			isa = PBXGroup;
			children = (
				E286100D1CEFB9AD00FA9BAF /* Resources */,
				E272DDA61CD522F000F1FECA /* AppDelegate.h */,
				E272DDA71CD522F000F1FECA /* AppDelegate.m */,
				E272DDA91CD522F000F1FECA /* ViewController.h */,
				E272DDAA1CD522F000F1FECA /* ViewController.m */,
				E272DDAC1CD522F000F1FECA /* Main.storyboard */,
				E272DDAF1CD522F000F1FECA /* Assets.xcassets */,
				E272DDB11CD522F000F1FECA /* LaunchScreen.storyboard */,
				E272DDB41CD522F000F1FECA /* Info.plist */,
				E272DDA31CD522F000F1FECA /* Supporting Files */,
			);
			path = ClueExampleApp;
			sourceTree = "<group>";
		};
		E272DDA31CD522F000F1FECA /* Supporting Files */ = {
			isa = PBXGroup;
			children = (
				E272DDA41CD522F000F1FECA /* main.m */,
			);
			name = "Supporting Files";
			sourceTree = "<group>";
		};
		E272DDBA1CD52B4000F1FECA /* Frameworks */ = {
			isa = PBXGroup;
			children = (
				E2CDA66F1D3905D60079F784 /* SSZipArchive */,
				E2CDA6111D3903110079F784 /* libz.tbd */,
			);
			path = Frameworks;
			sourceTree = "<group>";
		};
		E272DDBB1CD52FE300F1FECA /* Models */ = {
			isa = PBXGroup;
			children = (
				E258F3FD1CE3D037001E9F92 /* CLUOptions.h */,
				E258F3FE1CE3D037001E9F92 /* CLUOptions.m */,
				E22F60ED1D265DBE0062D6B8 /* CLUTouch.h */,
				E22F60EE1D265DBE0062D6B8 /* CLUTouch.m */,
			);
			path = Models;
			sourceTree = "<group>";
		};
		E272DDBD1CD5300000F1FECA /* Views */ = {
			isa = PBXGroup;
			children = (
				E2ABF6451D424531006646B3 /* CLURecordIndicatorView.h */,
				E2ABF6461D424531006646B3 /* CLURecordIndicatorView.m */,
			);
			path = Views;
			sourceTree = "<group>";
		};
		E286100D1CEFB9AD00FA9BAF /* Resources */ = {
			isa = PBXGroup;
			children = (
				E286100E1CEFB9C300FA9BAF /* Karla-Bold.ttf */,
				E286100F1CEFB9C300FA9BAF /* Karla-BoldItalic.ttf */,
				E28610101CEFB9C300FA9BAF /* Karla-Italic.ttf */,
				E28610111CEFB9C300FA9BAF /* Karla-Regular.ttf */,
			);
			name = Resources;
			sourceTree = "<group>";
		};
		E28CC08A1CEE210D00C9DFD9 /* Composers */ = {
			isa = PBXGroup;
			children = (
				AF34EE2D1ED37174005E05FC /* ReportComposer.swift */,
			);
			path = Composers;
			sourceTree = "<group>";
		};
		E291DEA61D149E1B009AB23F /* ModulesUtils */ = {
			isa = PBXGroup;
			children = (
				E20F23451D31944400654690 /* FileHelpers */,
				E291DEA71D149FE5009AB23F /* NetworkHelpers */,
				E24AEDFB1D06DCE1001F31FF /* GestureRecognizers */,
				E29233D31D358B6300DA88C2 /* CLUMailHelper.h */,
				E29233D41D358B6300DA88C2 /* CLUMailHelper.m */,
				E2EBC7F51D3AE26D00E52D5D /* CLUMailDelegate.h */,
				E2EBC7F61D3AE26D00E52D5D /* CLUMailDelegate.m */,
				E2ABF6491D425108006646B3 /* CLURecordIndicatorViewManager.h */,
				E2ABF64A1D425108006646B3 /* CLURecordIndicatorViewManager.m */,
			);
			path = ModulesUtils;
			sourceTree = "<group>";
		};
		E291DEA71D149FE5009AB23F /* NetworkHelpers */ = {
			isa = PBXGroup;
			children = (
				E291DEA81D14A04F009AB23F /* CLUURLProtocol.h */,
				E291DEA91D14A04F009AB23F /* CLUURLProtocol.m */,
			);
			path = NetworkHelpers;
			sourceTree = "<group>";
		};
		E2A30C841CED017200A48C61 /* Modules */ = {
			isa = PBXGroup;
			children = (
				AF73FF101EC0C05F00B8EA4D /* DeviceInfoModule.swift */,
				AF73FF121EC0C45400B8EA4D /* ExceptionInfoModule.swift */,
				AF2B52631EBF9CC30026594F /* NetworkModule.swift */,
				AFD9F7111EBEC79E001EE2A7 /* ObserveModule.swift */,
				AFBD5DB31EC09C0D00858442 /* UserInteractionModule.swift */,
				AF34EE2B1ED354F9005E05FC /* VideoModule.swift */,
				AF2B52611EBF97570026594F /* ViewStructureModule.swift */,
			);
			path = Modules;
			sourceTree = "<group>";
		};
		E2A30C851CED017F00A48C61 /* Protocols */ = {
			isa = PBXGroup;
			children = (
				E232BA891CF8214D00F5DB52 /* CLUViewRecordableProperties.h */,
				E24AEDF91D06DA18001F31FF /* CLUInteractionObserverDelegate.h */,
				E291DEAC1D14A741009AB23F /* CLUNetworkObserverDelegate.h */,
				AF34EE2F1ED37FEC005E05FC /* InfoModule.swift */,
				AF34EE311ED38264005E05FC /* RecordableModule.swift */,
				AF34EE331ED38682005E05FC /* Writable.swift */,
			);
			path = Protocols;
			sourceTree = "<group>";
		};
		E2A30C8E1CED0BC700A48C61 /* Writers */ = {
			isa = PBXGroup;
			children = (
				AF15549A1EB568F1005D1046 /* DataWriter.swift */,
				AF5314601EB018E8005A5146 /* DataWriterError.swift */,
				AF53145F1EB018E8005A5146 /* JSONWriter.swift */,
				AF4B1EB01ED301160024AB1C /* VideoWriter.swift */,
			);
			path = Writers;
			sourceTree = "<group>";
		};
		E2AD27931E729AB00062FE3D /* Classes */ = {
			isa = PBXGroup;
			children = (
				E2C604971E80780B00A0918D /* Models */,
				E241F46C1E7BE0EC0075EF2C /* Modules */,
				E24E2D6F1E74C12600804E13 /* Extensions */,
				E24E2D6C1E74893400804E13 /* ModulesUtils */,
				E2AD27941E729ACD0062FE3D /* Writers */,
			);
			path = Classes;
			sourceTree = "<group>";
		};
		E2AD27941E729ACD0062FE3D /* Writers */ = {
			isa = PBXGroup;
			children = (
				AF6756891EB674380057CA08 /* DataWriterTests.swift */,
				AF5314651EB01931005A5146 /* DataWriterErrorTests.swift */,
				AF5314661EB01931005A5146 /* JSONWriterTests.swift */,
				AF34EE291ED347C5005E05FC /* VideoWriterTests.swift */,
			);
			path = Writers;
			sourceTree = "<group>";
		};
		E2C604971E80780B00A0918D /* Models */ = {
			isa = PBXGroup;
			children = (
				E2C604981E80782900A0918D /* CLUTouchTests.m */,
			);
			path = Models;
			sourceTree = "<group>";
		};
		E2CDA66F1D3905D60079F784 /* SSZipArchive */ = {
			isa = PBXGroup;
			children = (
				E2CDA6701D3905D60079F784 /* aes */,
				E2CDA6861D3905D60079F784 /* Common.h */,
				E2CDA6871D3905D60079F784 /* Info.plist */,
				E2CDA6881D3905D60079F784 /* minizip */,
				E2CDA6921D3905D60079F784 /* SSZipArchive.h */,
				E2CDA6931D3905D60079F784 /* SSZipArchive.m */,
				E2CDA6941D3905D60079F784 /* ZipArchive.h */,
			);
			path = SSZipArchive;
			sourceTree = "<group>";
		};
		E2CDA6701D3905D60079F784 /* aes */ = {
			isa = PBXGroup;
			children = (
				E2CDA6711D3905D60079F784 /* aes.h */,
				E2CDA6721D3905D60079F784 /* aes_via_ace.h */,
				E2CDA6731D3905D60079F784 /* aescrypt.c */,
				E2CDA6741D3905D60079F784 /* aeskey.c */,
				E2CDA6751D3905D60079F784 /* aesopt.h */,
				E2CDA6761D3905D60079F784 /* aestab.c */,
				E2CDA6771D3905D60079F784 /* aestab.h */,
				E2CDA6781D3905D60079F784 /* brg_endian.h */,
				E2CDA6791D3905D60079F784 /* brg_types.h */,
				E2CDA67A1D3905D60079F784 /* entropy.c */,
				E2CDA67B1D3905D60079F784 /* entropy.h */,
				E2CDA67C1D3905D60079F784 /* fileenc.c */,
				E2CDA67D1D3905D60079F784 /* fileenc.h */,
				E2CDA67E1D3905D60079F784 /* hmac.c */,
				E2CDA67F1D3905D60079F784 /* hmac.h */,
				E2CDA6801D3905D60079F784 /* prng.c */,
				E2CDA6811D3905D60079F784 /* prng.h */,
				E2CDA6821D3905D60079F784 /* pwd2key.c */,
				E2CDA6831D3905D60079F784 /* pwd2key.h */,
				E2CDA6841D3905D60079F784 /* sha1.c */,
				E2CDA6851D3905D60079F784 /* sha1.h */,
			);
			path = aes;
			sourceTree = "<group>";
		};
		E2CDA6881D3905D60079F784 /* minizip */ = {
			isa = PBXGroup;
			children = (
				E2CDA6891D3905D60079F784 /* crypt.h */,
				E2CDA68A1D3905D60079F784 /* ioapi.c */,
				E2CDA68B1D3905D60079F784 /* ioapi.h */,
				E2CDA68C1D3905D60079F784 /* mztools.c */,
				E2CDA68D1D3905D60079F784 /* mztools.h */,
				E2CDA68E1D3905D60079F784 /* unzip.c */,
				E2CDA68F1D3905D60079F784 /* unzip.h */,
				E2CDA6901D3905D60079F784 /* zip.c */,
				E2CDA6911D3905D60079F784 /* zip.h */,
			);
			path = minizip;
			sourceTree = "<group>";
		};
		E2CEADBB1E900BE600CEF6AE /* Frameworks */ = {
			isa = PBXGroup;
			children = (
				E2CEADC31E900D9400CEF6AE /* OCHamcrestIOS.framework */,
				E2CEADBD1E900C0400CEF6AE /* OCMockitoIOS.framework */,
			);
			path = Frameworks;
			sourceTree = "<group>";
		};
		E2D9A43C1E8F0EC20099B0AA /* ClueSwiftExampleApp */ = {
			isa = PBXGroup;
			children = (
				E2D9A43D1E8F0EC20099B0AA /* AppDelegate.swift */,
				E2D9A43F1E8F0EC20099B0AA /* MasterViewController.swift */,
				E2D9A4411E8F0EC20099B0AA /* DetailViewController.swift */,
				E2D9A4431E8F0EC20099B0AA /* Main.storyboard */,
				E2D9A4461E8F0EC20099B0AA /* Assets.xcassets */,
				E2D9A4481E8F0EC20099B0AA /* LaunchScreen.storyboard */,
				E2D9A44B1E8F0EC20099B0AA /* Info.plist */,
			);
			path = ClueSwiftExampleApp;
			sourceTree = "<group>";
		};
/* End PBXGroup section */

/* Begin PBXHeadersBuildPhase section */
		E272DD7F1CD5223300F1FECA /* Headers */ = {
			isa = PBXHeadersBuildPhase;
			buildActionMask = 2147483647;
			files = (
				E29233D51D358B6300DA88C2 /* CLUMailHelper.h in Headers */,
				E2EBC7F71D3AE26D00E52D5D /* CLUMailDelegate.h in Headers */,
				E20F23481D31947300654690 /* CLUReportFileManager.h in Headers */,
				E215639A1D25A15A005EDF61 /* NSException+CLUExceptionAdditions.h in Headers */,
				E22F60EF1D265DBE0062D6B8 /* CLUTouch.h in Headers */,
				E24AEDFE1D06DD28001F31FF /* CLUGeneralGestureRecognizer.h in Headers */,
				E24AEDFA1D06DA18001F31FF /* CLUInteractionObserverDelegate.h in Headers */,
				AFBD5DB21EC0947300858442 /* NSMutableDictionary+CLUUtilsAdditions.h in Headers */,
				E238913B1D1BDA8C00D688CD /* NSError+CLUNetworkAdditions.h in Headers */,
				E238913F1D1BDC3C00D688CD /* NSURLResponse+CLUNetworkAdditions.h in Headers */,
				E23891431D1BDE0300D688CD /* NSHTTPURLResponse+CLUNetworkAdditions.h in Headers */,
				E23891471D1BDF9300D688CD /* NSURLRequest+CLUNetworkAdditions.h in Headers */,
				E291DEAA1D14A04F009AB23F /* CLUURLProtocol.h in Headers */,
				E291DEAD1D14A741009AB23F /* CLUNetworkObserverDelegate.h in Headers */,
				E232BA8A1CF8214D00F5DB52 /* CLUViewRecordableProperties.h in Headers */,
				E232BA8E1CF821D400F5DB52 /* UIView+CLUViewRecordableAdditions.h in Headers */,
				E2ABF64B1D425108006646B3 /* CLURecordIndicatorViewManager.h in Headers */,
				E232BA921CF830DC00F5DB52 /* UILabel+CLUViewRecordableAdditions.h in Headers */,
				E2CDA69F1D3905D60079F784 /* entropy.h in Headers */,
				E2CDA6B01D3905D60079F784 /* mztools.h in Headers */,
				E272DD861CD5223300F1FECA /* Clue.h in Headers */,
				E2CDA6A51D3905D60079F784 /* prng.h in Headers */,
				E24AEE021D06E9DC001F31FF /* UITouch+CLUUserInteractionAdditions.h in Headers */,
				E2CDA6B71D3905D60079F784 /* ZipArchive.h in Headers */,
				E2CDA6A71D3905D60079F784 /* pwd2key.h in Headers */,
				E2CDA6A91D3905D60079F784 /* sha1.h in Headers */,
				E2CDA6AE1D3905D60079F784 /* ioapi.h in Headers */,
				E2CDA6B41D3905D60079F784 /* zip.h in Headers */,
				E258F3FF1CE3D037001E9F92 /* CLUOptions.h in Headers */,
				E21840D41CFCD7F80053422C /* UIImageView+CLUViewRecordableAdditions.h in Headers */,
				E2CDA6AA1D3905D60079F784 /* Common.h in Headers */,
				E2CDA6B51D3905D60079F784 /* SSZipArchive.h in Headers */,
				E2CDA6951D3905D60079F784 /* aes.h in Headers */,
				E2CDA69B1D3905D60079F784 /* aestab.h in Headers */,
				E2CDA69C1D3905D60079F784 /* brg_endian.h in Headers */,
				E2CDA6A11D3905D60079F784 /* fileenc.h in Headers */,
				E2ABF6471D424531006646B3 /* CLURecordIndicatorView.h in Headers */,
				E2CDA6A31D3905D60079F784 /* hmac.h in Headers */,
				E2CDA6961D3905D60079F784 /* aes_via_ace.h in Headers */,
				E2CDA6991D3905D60079F784 /* aesopt.h in Headers */,
				E2CDA69D1D3905D60079F784 /* brg_types.h in Headers */,
				E21840D81CFCDA4B0053422C /* UITextField+CLUViewRecordableAdditions.h in Headers */,
				E2CDA6AC1D3905D60079F784 /* crypt.h in Headers */,
				E2CDA6B21D3905D60079F784 /* unzip.h in Headers */,
			);
			runOnlyForDeploymentPostprocessing = 0;
		};
/* End PBXHeadersBuildPhase section */

/* Begin PBXNativeTarget section */
		E272DD811CD5223300F1FECA /* Clue */ = {
			isa = PBXNativeTarget;
			buildConfigurationList = E272DD961CD5223300F1FECA /* Build configuration list for PBXNativeTarget "Clue" */;
			buildPhases = (
				E272DD7D1CD5223300F1FECA /* Sources */,
				E272DD7E1CD5223300F1FECA /* Frameworks */,
				E272DD7F1CD5223300F1FECA /* Headers */,
				E272DD801CD5223300F1FECA /* Resources */,
			);
			buildRules = (
			);
			dependencies = (
			);
			name = Clue;
			productName = Clue;
			productReference = E272DD821CD5223300F1FECA /* Clue.framework */;
			productType = "com.apple.product-type.framework";
		};
		E272DD8B1CD5223300F1FECA /* ClueTests */ = {
			isa = PBXNativeTarget;
			buildConfigurationList = E272DD991CD5223300F1FECA /* Build configuration list for PBXNativeTarget "ClueTests" */;
			buildPhases = (
				E272DD881CD5223300F1FECA /* Sources */,
				E272DD891CD5223300F1FECA /* Frameworks */,
				E272DD8A1CD5223300F1FECA /* Resources */,
				E2CEADC01E900C7200CEF6AE /* CopyFiles */,
			);
			buildRules = (
			);
			dependencies = (
				E272DD8F1CD5223300F1FECA /* PBXTargetDependency */,
			);
			name = ClueTests;
			productName = ClueTests;
			productReference = E272DD8C1CD5223300F1FECA /* ClueTests.xctest */;
			productType = "com.apple.product-type.bundle.unit-test";
		};
		E272DDA01CD522F000F1FECA /* ClueExampleApp */ = {
			isa = PBXNativeTarget;
			buildConfigurationList = E272DDB51CD522F000F1FECA /* Build configuration list for PBXNativeTarget "ClueExampleApp" */;
			buildPhases = (
				E272DD9D1CD522F000F1FECA /* Sources */,
				E272DD9E1CD522F000F1FECA /* Frameworks */,
				E272DD9F1CD522F000F1FECA /* Resources */,
				AF79EA581EAFCD42002231B9 /* Embed Frameworks */,
			);
			buildRules = (
			);
			dependencies = (
				E272DDB91CD5230300F1FECA /* PBXTargetDependency */,
			);
			name = ClueExampleApp;
			productName = ClueExampleApp;
			productReference = E272DDA11CD522F000F1FECA /* ClueExampleApp.app */;
			productType = "com.apple.product-type.application";
		};
		E2D9A43A1E8F0EC10099B0AA /* ClueSwiftExampleApp */ = {
			isa = PBXNativeTarget;
			buildConfigurationList = E2D9A44C1E8F0EC20099B0AA /* Build configuration list for PBXNativeTarget "ClueSwiftExampleApp" */;
			buildPhases = (
				E2D9A4371E8F0EC10099B0AA /* Sources */,
				E2D9A4381E8F0EC10099B0AA /* Frameworks */,
				E2D9A4391E8F0EC10099B0AA /* Resources */,
			);
			buildRules = (
			);
			dependencies = (
				E2D9A4501E8F0F000099B0AA /* PBXTargetDependency */,
			);
			name = ClueSwiftExampleApp;
			productName = ClueSwiftExampleApp;
			productReference = E2D9A43B1E8F0EC10099B0AA /* ClueSwiftExampleApp.app */;
			productType = "com.apple.product-type.application";
		};
/* End PBXNativeTarget section */

/* Begin PBXProject section */
		E272DD791CD5223300F1FECA /* Project object */ = {
			isa = PBXProject;
			attributes = {
				LastSwiftUpdateCheck = 0830;
				LastUpgradeCheck = 0830;
				ORGANIZATIONNAME = "Ahmed Sulaiman";
				TargetAttributes = {
					E272DD811CD5223300F1FECA = {
						CreatedOnToolsVersion = 7.3;
						LastSwiftMigration = 0830;
					};
					E272DD8B1CD5223300F1FECA = {
						CreatedOnToolsVersion = 7.3;
						LastSwiftMigration = 0830;
					};
					E272DDA01CD522F000F1FECA = {
						CreatedOnToolsVersion = 7.3;
						LastSwiftMigration = 0830;
					};
					E2D9A43A1E8F0EC10099B0AA = {
						CreatedOnToolsVersion = 8.3;
						ProvisioningStyle = Automatic;
					};
				};
			};
			buildConfigurationList = E272DD7C1CD5223300F1FECA /* Build configuration list for PBXProject "Clue" */;
			compatibilityVersion = "Xcode 3.2";
			developmentRegion = English;
			hasScannedForEncodings = 0;
			knownRegions = (
				en,
				Base,
			);
			mainGroup = E272DD781CD5223300F1FECA;
			productRefGroup = E272DD831CD5223300F1FECA /* Products */;
			projectDirPath = "";
			projectRoot = "";
			targets = (
				E272DD811CD5223300F1FECA /* Clue */,
				E272DD8B1CD5223300F1FECA /* ClueTests */,
				E272DDA01CD522F000F1FECA /* ClueExampleApp */,
				E2D9A43A1E8F0EC10099B0AA /* ClueSwiftExampleApp */,
			);
		};
/* End PBXProject section */

/* Begin PBXResourcesBuildPhase section */
		E272DD801CD5223300F1FECA /* Resources */ = {
			isa = PBXResourcesBuildPhase;
			buildActionMask = 2147483647;
			files = (
				E2CDA6AB1D3905D60079F784 /* Info.plist in Resources */,
			);
			runOnlyForDeploymentPostprocessing = 0;
		};
		E272DD8A1CD5223300F1FECA /* Resources */ = {
			isa = PBXResourcesBuildPhase;
			buildActionMask = 2147483647;
			files = (
			);
			runOnlyForDeploymentPostprocessing = 0;
		};
		E272DD9F1CD522F000F1FECA /* Resources */ = {
			isa = PBXResourcesBuildPhase;
			buildActionMask = 2147483647;
			files = (
				E272DDB31CD522F000F1FECA /* LaunchScreen.storyboard in Resources */,
				E272DDB01CD522F000F1FECA /* Assets.xcassets in Resources */,
				E28610141CEFB9C300FA9BAF /* Karla-Italic.ttf in Resources */,
				E28610131CEFB9C300FA9BAF /* Karla-BoldItalic.ttf in Resources */,
				E28610151CEFB9C300FA9BAF /* Karla-Regular.ttf in Resources */,
				E272DDAE1CD522F000F1FECA /* Main.storyboard in Resources */,
				E28610121CEFB9C300FA9BAF /* Karla-Bold.ttf in Resources */,
			);
			runOnlyForDeploymentPostprocessing = 0;
		};
		E2D9A4391E8F0EC10099B0AA /* Resources */ = {
			isa = PBXResourcesBuildPhase;
			buildActionMask = 2147483647;
			files = (
				E2D9A44A1E8F0EC20099B0AA /* LaunchScreen.storyboard in Resources */,
				E2D9A4471E8F0EC20099B0AA /* Assets.xcassets in Resources */,
				E2D9A4451E8F0EC20099B0AA /* Main.storyboard in Resources */,
			);
			runOnlyForDeploymentPostprocessing = 0;
		};
/* End PBXResourcesBuildPhase section */

/* Begin PBXSourcesBuildPhase section */
		E272DD7D1CD5223300F1FECA /* Sources */ = {
			isa = PBXSourcesBuildPhase;
			buildActionMask = 2147483647;
			files = (
				AF34EE361ED388C5005E05FC /* ClueController.swift in Sources */,
				E2CDA6971D3905D60079F784 /* aescrypt.c in Sources */,
				E24AEDFF1D06DD28001F31FF /* CLUGeneralGestureRecognizer.m in Sources */,
				AF34EE2C1ED354F9005E05FC /* VideoModule.swift in Sources */,
				E215639B1D25A15A005EDF61 /* NSException+CLUExceptionAdditions.m in Sources */,
				E2CDA6A41D3905D60079F784 /* prng.c in Sources */,
				AF4FB5D41EBACCB500FB9F0B /* Result.swift in Sources */,
				AF34EE341ED38682005E05FC /* Writable.swift in Sources */,
				E2CDA6B11D3905D60079F784 /* unzip.c in Sources */,
				E23891481D1BDF9300D688CD /* NSURLRequest+CLUNetworkAdditions.m in Sources */,
				E2CDA6A81D3905D60079F784 /* sha1.c in Sources */,
				AFBD5DB41EC09C0D00858442 /* UserInteractionModule.swift in Sources */,
				AF5314621EB018E8005A5146 /* JSONWriter.swift in Sources */,
				E232BA931CF830DC00F5DB52 /* UILabel+CLUViewRecordableAdditions.m in Sources */,
				AF2B52641EBF9CC30026594F /* NetworkModule.swift in Sources */,
				AF34EE2E1ED37174005E05FC /* ReportComposer.swift in Sources */,
				AF34EE321ED38264005E05FC /* RecordableModule.swift in Sources */,
				AF5314631EB018E8005A5146 /* DataWriterError.swift in Sources */,
				E2CDA6981D3905D60079F784 /* aeskey.c in Sources */,
				E2CDA6B31D3905D60079F784 /* zip.c in Sources */,
				AFD9F7121EBEC79E001EE2A7 /* ObserveModule.swift in Sources */,
				E2CDA69E1D3905D60079F784 /* entropy.c in Sources */,
				E29233D61D358B6300DA88C2 /* CLUMailHelper.m in Sources */,
				AF2B52621EBF97570026594F /* ViewStructureModule.swift in Sources */,
				E23891441D1BDE0300D688CD /* NSHTTPURLResponse+CLUNetworkAdditions.m in Sources */,
				E24E6CCE1EAA11C100A2F0C1 /* NSMutableDictionary+CLUUtilsAdditions.m in Sources */,
				E2CDA6A61D3905D60079F784 /* pwd2key.c in Sources */,
				E20F23491D31947300654690 /* CLUReportFileManager.m in Sources */,
				E2CDA6AD1D3905D60079F784 /* ioapi.c in Sources */,
				E291DEAB1D14A04F009AB23F /* CLUURLProtocol.m in Sources */,
				E2CDA69A1D3905D60079F784 /* aestab.c in Sources */,
				E2CDA6B61D3905D60079F784 /* SSZipArchive.m in Sources */,
				AF73FF111EC0C05F00B8EA4D /* DeviceInfoModule.swift in Sources */,
				E238913C1D1BDA8C00D688CD /* NSError+CLUNetworkAdditions.m in Sources */,
				E2CDA6A01D3905D60079F784 /* fileenc.c in Sources */,
				E2ABF6481D424531006646B3 /* CLURecordIndicatorView.m in Sources */,
				E232BA8F1CF821D400F5DB52 /* UIView+CLUViewRecordableAdditions.m in Sources */,
				E23891401D1BDC3C00D688CD /* NSURLResponse+CLUNetworkAdditions.m in Sources */,
				AF15549B1EB568F1005D1046 /* DataWriter.swift in Sources */,
				AF73FF131EC0C45400B8EA4D /* ExceptionInfoModule.swift in Sources */,
				AF7879DF1EC516E500938263 /* UIDevice+Util.swift in Sources */,
				AF4B1EB11ED301160024AB1C /* VideoWriter.swift in Sources */,
				E2ABF64C1D425108006646B3 /* CLURecordIndicatorViewManager.m in Sources */,
				E21840D51CFCD7F80053422C /* UIImageView+CLUViewRecordableAdditions.m in Sources */,
				E21840D91CFCDA4B0053422C /* UITextField+CLUViewRecordableAdditions.m in Sources */,
				AF34EE301ED37FEC005E05FC /* InfoModule.swift in Sources */,
				E22F60F01D265DBE0062D6B8 /* CLUTouch.m in Sources */,
				E258F4001CE3D037001E9F92 /* CLUOptions.m in Sources */,
				E24AEE031D06E9DC001F31FF /* UITouch+CLUUserInteractionAdditions.m in Sources */,
				E2CDA6A21D3905D60079F784 /* hmac.c in Sources */,
				AF73FF151EC0F28100B8EA4D /* Dictionary+Util.swift in Sources */,
				E2EBC7F81D3AE26D00E52D5D /* CLUMailDelegate.m in Sources */,
				E2CDA6AF1D3905D60079F784 /* mztools.c in Sources */,
			);
			runOnlyForDeploymentPostprocessing = 0;
		};
		E272DD881CD5223300F1FECA /* Sources */ = {
			isa = PBXSourcesBuildPhase;
			buildActionMask = 2147483647;
			files = (
				E2CEADBA1E8FFE8700CEF6AE /* CLUReportFileManagerTests.m in Sources */,
				E241F46B1E7BDE000075EF2C /* CLUExceptionAdditions.m in Sources */,
				AF34EE2A1ED347C5005E05FC /* VideoWriterTests.swift in Sources */,
				AF67568A1EB674380057CA08 /* DataWriterTests.swift in Sources */,
				E241F4671E7B39DE0075EF2C /* CLUErrorNetworkAdditions.m in Sources */,
				E24E2D711E74C1AF00804E13 /* CLUUIViewAdditionsTests.m in Sources */,
				E241F4631E7B333A0075EF2C /* CLUTextFieldViewRecordableAdditions.m in Sources */,
				AF422CBB1EC2166C0028AA33 /* ObserveModuleTests.swift in Sources */,
				E28258BF1E7ABCDF000DAAB4 /* CLULabelRecordableAdditions.m in Sources */,
				E24E6CD01EAA13C100A2F0C1 /* CLUNSMutableDictionaryUtilsAdditionsTests.m in Sources */,
				E241F4691E7B3D9A0075EF2C /* CLUCommunicationNetworkAdditions.m in Sources */,
				E241F4651E7B37770075EF2C /* CLUTouchUserInteractionAdditions.m in Sources */,
				AF5314671EB01931005A5146 /* DataWriterErrorTests.swift in Sources */,
				E2C604991E80782900A0918D /* CLUTouchTests.m in Sources */,
				E24E2D6E1E74899600804E13 /* CLUGeneralGestureRecognizerTests.m in Sources */,
				AF5314681EB01931005A5146 /* JSONWriterTests.swift in Sources */,
				E28258C11E7AC3B3000DAAB4 /* CLUImageViewRecordableAdditions.m in Sources */,
			);
			runOnlyForDeploymentPostprocessing = 0;
		};
		E272DD9D1CD522F000F1FECA /* Sources */ = {
			isa = PBXSourcesBuildPhase;
			buildActionMask = 2147483647;
			files = (
				E272DDAB1CD522F000F1FECA /* ViewController.m in Sources */,
				E272DDA81CD522F000F1FECA /* AppDelegate.m in Sources */,
				E272DDA51CD522F000F1FECA /* main.m in Sources */,
			);
			runOnlyForDeploymentPostprocessing = 0;
		};
		E2D9A4371E8F0EC10099B0AA /* Sources */ = {
			isa = PBXSourcesBuildPhase;
			buildActionMask = 2147483647;
			files = (
				E2D9A4421E8F0EC20099B0AA /* DetailViewController.swift in Sources */,
				E2D9A4401E8F0EC20099B0AA /* MasterViewController.swift in Sources */,
				E2D9A43E1E8F0EC20099B0AA /* AppDelegate.swift in Sources */,
			);
			runOnlyForDeploymentPostprocessing = 0;
		};
/* End PBXSourcesBuildPhase section */

/* Begin PBXTargetDependency section */
		E272DD8F1CD5223300F1FECA /* PBXTargetDependency */ = {
			isa = PBXTargetDependency;
			target = E272DD811CD5223300F1FECA /* Clue */;
			targetProxy = E272DD8E1CD5223300F1FECA /* PBXContainerItemProxy */;
		};
		E272DDB91CD5230300F1FECA /* PBXTargetDependency */ = {
			isa = PBXTargetDependency;
			target = E272DD811CD5223300F1FECA /* Clue */;
			targetProxy = E272DDB81CD5230300F1FECA /* PBXContainerItemProxy */;
		};
		E2D9A4501E8F0F000099B0AA /* PBXTargetDependency */ = {
			isa = PBXTargetDependency;
			target = E272DD811CD5223300F1FECA /* Clue */;
			targetProxy = E2D9A44F1E8F0F000099B0AA /* PBXContainerItemProxy */;
		};
/* End PBXTargetDependency section */

/* Begin PBXVariantGroup section */
		E272DDAC1CD522F000F1FECA /* Main.storyboard */ = {
			isa = PBXVariantGroup;
			children = (
				E272DDAD1CD522F000F1FECA /* Base */,
			);
			name = Main.storyboard;
			sourceTree = "<group>";
		};
		E272DDB11CD522F000F1FECA /* LaunchScreen.storyboard */ = {
			isa = PBXVariantGroup;
			children = (
				E272DDB21CD522F000F1FECA /* Base */,
			);
			name = LaunchScreen.storyboard;
			sourceTree = "<group>";
		};
		E2D9A4431E8F0EC20099B0AA /* Main.storyboard */ = {
			isa = PBXVariantGroup;
			children = (
				E2D9A4441E8F0EC20099B0AA /* Base */,
			);
			name = Main.storyboard;
			sourceTree = "<group>";
		};
		E2D9A4481E8F0EC20099B0AA /* LaunchScreen.storyboard */ = {
			isa = PBXVariantGroup;
			children = (
				E2D9A4491E8F0EC20099B0AA /* Base */,
			);
			name = LaunchScreen.storyboard;
			sourceTree = "<group>";
		};
/* End PBXVariantGroup section */

/* Begin XCBuildConfiguration section */
		E272DD941CD5223300F1FECA /* Debug */ = {
			isa = XCBuildConfiguration;
			buildSettings = {
				ALWAYS_EMBED_SWIFT_STANDARD_LIBRARIES = YES;
				ALWAYS_SEARCH_USER_PATHS = NO;
				CLANG_ALLOW_NON_MODULAR_INCLUDES_IN_FRAMEWORK_MODULES = NO;
				CLANG_ANALYZER_NONNULL = YES;
				CLANG_CXX_LANGUAGE_STANDARD = "gnu++0x";
				CLANG_CXX_LIBRARY = "libc++";
				CLANG_ENABLE_MODULES = YES;
				CLANG_ENABLE_OBJC_ARC = YES;
				CLANG_WARN_BOOL_CONVERSION = YES;
				CLANG_WARN_CONSTANT_CONVERSION = YES;
				CLANG_WARN_DIRECT_OBJC_ISA_USAGE = YES_ERROR;
				CLANG_WARN_EMPTY_BODY = YES;
				CLANG_WARN_ENUM_CONVERSION = YES;
				CLANG_WARN_INFINITE_RECURSION = YES;
				CLANG_WARN_INT_CONVERSION = YES;
				CLANG_WARN_OBJC_ROOT_CLASS = YES_ERROR;
				CLANG_WARN_SUSPICIOUS_MOVE = YES;
				CLANG_WARN_UNREACHABLE_CODE = YES;
				CLANG_WARN__DUPLICATE_METHOD_MATCH = YES;
				"CODE_SIGN_IDENTITY[sdk=iphoneos*]" = "iPhone Developer";
				COPY_PHASE_STRIP = NO;
				CURRENT_PROJECT_VERSION = 1;
				DEBUG_INFORMATION_FORMAT = dwarf;
				ENABLE_STRICT_OBJC_MSGSEND = YES;
				ENABLE_TESTABILITY = YES;
				GCC_C_LANGUAGE_STANDARD = gnu99;
				GCC_DYNAMIC_NO_PIC = NO;
				GCC_NO_COMMON_BLOCKS = YES;
				GCC_OPTIMIZATION_LEVEL = 0;
				GCC_PREPROCESSOR_DEFINITIONS = (
					"DEBUG=1",
					"$(inherited)",
				);
				GCC_WARN_64_TO_32_BIT_CONVERSION = YES;
				GCC_WARN_ABOUT_RETURN_TYPE = YES_ERROR;
				GCC_WARN_UNDECLARED_SELECTOR = YES;
				GCC_WARN_UNINITIALIZED_AUTOS = YES_AGGRESSIVE;
				GCC_WARN_UNUSED_FUNCTION = YES;
				GCC_WARN_UNUSED_VARIABLE = YES;
				IPHONEOS_DEPLOYMENT_TARGET = 9.3;
				MTL_ENABLE_DEBUG_INFO = YES;
				ONLY_ACTIVE_ARCH = YES;
				OTHER_LDFLAGS = (
					"$(OTHER_LDFLAGS)",
					"-ObjC",
					"-all_load",
				);
				SDKROOT = iphoneos;
				TARGETED_DEVICE_FAMILY = "1,2";
				VERSIONING_SYSTEM = "apple-generic";
				VERSION_INFO_PREFIX = "";
			};
			name = Debug;
		};
		E272DD951CD5223300F1FECA /* Release */ = {
			isa = XCBuildConfiguration;
			buildSettings = {
				ALWAYS_EMBED_SWIFT_STANDARD_LIBRARIES = YES;
				ALWAYS_SEARCH_USER_PATHS = NO;
				CLANG_ALLOW_NON_MODULAR_INCLUDES_IN_FRAMEWORK_MODULES = NO;
				CLANG_ANALYZER_NONNULL = YES;
				CLANG_CXX_LANGUAGE_STANDARD = "gnu++0x";
				CLANG_CXX_LIBRARY = "libc++";
				CLANG_ENABLE_MODULES = YES;
				CLANG_ENABLE_OBJC_ARC = YES;
				CLANG_WARN_BOOL_CONVERSION = YES;
				CLANG_WARN_CONSTANT_CONVERSION = YES;
				CLANG_WARN_DIRECT_OBJC_ISA_USAGE = YES_ERROR;
				CLANG_WARN_EMPTY_BODY = YES;
				CLANG_WARN_ENUM_CONVERSION = YES;
				CLANG_WARN_INFINITE_RECURSION = YES;
				CLANG_WARN_INT_CONVERSION = YES;
				CLANG_WARN_OBJC_ROOT_CLASS = YES_ERROR;
				CLANG_WARN_SUSPICIOUS_MOVE = YES;
				CLANG_WARN_UNREACHABLE_CODE = YES;
				CLANG_WARN__DUPLICATE_METHOD_MATCH = YES;
				"CODE_SIGN_IDENTITY[sdk=iphoneos*]" = "iPhone Developer";
				COPY_PHASE_STRIP = NO;
				CURRENT_PROJECT_VERSION = 1;
				DEBUG_INFORMATION_FORMAT = "dwarf-with-dsym";
				ENABLE_NS_ASSERTIONS = NO;
				ENABLE_STRICT_OBJC_MSGSEND = YES;
				GCC_C_LANGUAGE_STANDARD = gnu99;
				GCC_NO_COMMON_BLOCKS = YES;
				GCC_WARN_64_TO_32_BIT_CONVERSION = YES;
				GCC_WARN_ABOUT_RETURN_TYPE = YES_ERROR;
				GCC_WARN_UNDECLARED_SELECTOR = YES;
				GCC_WARN_UNINITIALIZED_AUTOS = YES_AGGRESSIVE;
				GCC_WARN_UNUSED_FUNCTION = YES;
				GCC_WARN_UNUSED_VARIABLE = YES;
				IPHONEOS_DEPLOYMENT_TARGET = 9.3;
				MTL_ENABLE_DEBUG_INFO = NO;
				OTHER_LDFLAGS = (
					"$(OTHER_LDFLAGS)",
					"-ObjC",
					"-all_load",
				);
				SDKROOT = iphoneos;
				SWIFT_OPTIMIZATION_LEVEL = "-Owholemodule";
				TARGETED_DEVICE_FAMILY = "1,2";
				VALIDATE_PRODUCT = YES;
				VERSIONING_SYSTEM = "apple-generic";
				VERSION_INFO_PREFIX = "";
			};
			name = Release;
		};
		E272DD971CD5223300F1FECA /* Debug */ = {
			isa = XCBuildConfiguration;
			buildSettings = {
				ALWAYS_EMBED_SWIFT_STANDARD_LIBRARIES = YES;
				CLANG_ALLOW_NON_MODULAR_INCLUDES_IN_FRAMEWORK_MODULES = NO;
				CLANG_ENABLE_MODULES = YES;
				DEFINES_MODULE = YES;
				DYLIB_COMPATIBILITY_VERSION = 1;
				DYLIB_CURRENT_VERSION = 1;
				DYLIB_INSTALL_NAME_BASE = "@rpath";
				INFOPLIST_FILE = Clue/Info.plist;
				INSTALL_PATH = "$(LOCAL_LIBRARY_DIR)/Frameworks";
				LD_RUNPATH_SEARCH_PATHS = "$(inherited) @executable_path/Frameworks @loader_path/Frameworks";
				MACH_O_TYPE = mh_dylib;
				PRODUCT_BUNDLE_IDENTIFIER = com.ahmed.pt.Clue;
				PRODUCT_NAME = "$(TARGET_NAME)";
				SKIP_INSTALL = YES;
				SWIFT_OPTIMIZATION_LEVEL = "-Onone";
				SWIFT_VERSION = 3.1;
				TARGETED_DEVICE_FAMILY = "1,2";
			};
			name = Debug;
		};
		E272DD981CD5223300F1FECA /* Release */ = {
			isa = XCBuildConfiguration;
			buildSettings = {
				ALWAYS_EMBED_SWIFT_STANDARD_LIBRARIES = YES;
				CLANG_ALLOW_NON_MODULAR_INCLUDES_IN_FRAMEWORK_MODULES = NO;
				CLANG_ENABLE_MODULES = YES;
				DEFINES_MODULE = YES;
				DYLIB_COMPATIBILITY_VERSION = 1;
				DYLIB_CURRENT_VERSION = 1;
				DYLIB_INSTALL_NAME_BASE = "@rpath";
				INFOPLIST_FILE = Clue/Info.plist;
				INSTALL_PATH = "$(LOCAL_LIBRARY_DIR)/Frameworks";
				LD_RUNPATH_SEARCH_PATHS = "$(inherited) @executable_path/Frameworks @loader_path/Frameworks";
				MACH_O_TYPE = mh_dylib;
				PRODUCT_BUNDLE_IDENTIFIER = com.ahmed.pt.Clue;
				PRODUCT_NAME = "$(TARGET_NAME)";
				SKIP_INSTALL = YES;
				SWIFT_VERSION = 3.1;
				TARGETED_DEVICE_FAMILY = "1,2";
			};
			name = Release;
		};
		E272DD9A1CD5223300F1FECA /* Debug */ = {
			isa = XCBuildConfiguration;
			buildSettings = {
				ALWAYS_EMBED_SWIFT_STANDARD_LIBRARIES = "$(inherited)";
				CLANG_ENABLE_MODULES = YES;
				FRAMEWORK_SEARCH_PATHS = (
					"$(inherited)",
					"$(PROJECT_DIR)/ClueTests/Frameworks",
				);
				INFOPLIST_FILE = ClueTests/Info.plist;
				LD_RUNPATH_SEARCH_PATHS = "$(inherited) @executable_path/Frameworks @loader_path/Frameworks";
				PRODUCT_BUNDLE_IDENTIFIER = com.ahmed.pt.ClueTests;
				PRODUCT_NAME = "$(TARGET_NAME)";
				SWIFT_OPTIMIZATION_LEVEL = "-Onone";
				SWIFT_VERSION = 3.0;
			};
			name = Debug;
		};
		E272DD9B1CD5223300F1FECA /* Release */ = {
			isa = XCBuildConfiguration;
			buildSettings = {
				ALWAYS_EMBED_SWIFT_STANDARD_LIBRARIES = "$(inherited)";
				CLANG_ENABLE_MODULES = YES;
				FRAMEWORK_SEARCH_PATHS = (
					"$(inherited)",
					"$(PROJECT_DIR)/ClueTests/Frameworks",
				);
				INFOPLIST_FILE = ClueTests/Info.plist;
				LD_RUNPATH_SEARCH_PATHS = "$(inherited) @executable_path/Frameworks @loader_path/Frameworks";
				PRODUCT_BUNDLE_IDENTIFIER = com.ahmed.pt.ClueTests;
				PRODUCT_NAME = "$(TARGET_NAME)";
				SWIFT_VERSION = 3.0;
			};
			name = Release;
		};
		E272DDB61CD522F000F1FECA /* Debug */ = {
			isa = XCBuildConfiguration;
			buildSettings = {
				ALWAYS_EMBED_SWIFT_STANDARD_LIBRARIES = "$(inherited)";
				ASSETCATALOG_COMPILER_APPICON_NAME = AppIcon;
				INFOPLIST_FILE = ClueExampleApp/Info.plist;
				LD_RUNPATH_SEARCH_PATHS = "$(inherited) @executable_path/Frameworks";
				PRODUCT_BUNDLE_IDENTIFIER = com.ahmed.pt.ClueExampleApp;
				PRODUCT_NAME = "$(TARGET_NAME)";
			};
			name = Debug;
		};
		E272DDB71CD522F000F1FECA /* Release */ = {
			isa = XCBuildConfiguration;
			buildSettings = {
				ALWAYS_EMBED_SWIFT_STANDARD_LIBRARIES = "$(inherited)";
				ASSETCATALOG_COMPILER_APPICON_NAME = AppIcon;
				INFOPLIST_FILE = ClueExampleApp/Info.plist;
				LD_RUNPATH_SEARCH_PATHS = "$(inherited) @executable_path/Frameworks";
				PRODUCT_BUNDLE_IDENTIFIER = com.ahmed.pt.ClueExampleApp;
				PRODUCT_NAME = "$(TARGET_NAME)";
			};
			name = Release;
		};
		E2D9A44D1E8F0EC20099B0AA /* Debug */ = {
			isa = XCBuildConfiguration;
			buildSettings = {
				ALWAYS_EMBED_SWIFT_STANDARD_LIBRARIES = "$(inherited)";
				ASSETCATALOG_COMPILER_APPICON_NAME = AppIcon;
				CLANG_ANALYZER_NUMBER_OBJECT_CONVERSION = YES_AGGRESSIVE;
				CLANG_WARN_DOCUMENTATION_COMMENTS = YES;
				CLANG_WARN_INFINITE_RECURSION = YES;
				CLANG_WARN_SUSPICIOUS_MOVE = YES;
				INFOPLIST_FILE = ClueSwiftExampleApp/Info.plist;
				IPHONEOS_DEPLOYMENT_TARGET = 10.3;
				LD_RUNPATH_SEARCH_PATHS = "$(inherited) @executable_path/Frameworks";
				PRODUCT_BUNDLE_IDENTIFIER = com.ahmed.app.ClueSwiftExampleApp;
				PRODUCT_NAME = "$(TARGET_NAME)";
				SWIFT_ACTIVE_COMPILATION_CONDITIONS = DEBUG;
				SWIFT_OPTIMIZATION_LEVEL = "-Onone";
				SWIFT_VERSION = 3.1;
			};
			name = Debug;
		};
		E2D9A44E1E8F0EC20099B0AA /* Release */ = {
			isa = XCBuildConfiguration;
			buildSettings = {
				ALWAYS_EMBED_SWIFT_STANDARD_LIBRARIES = "$(inherited)";
				ASSETCATALOG_COMPILER_APPICON_NAME = AppIcon;
				CLANG_ANALYZER_NUMBER_OBJECT_CONVERSION = YES_AGGRESSIVE;
				CLANG_WARN_DOCUMENTATION_COMMENTS = YES;
				CLANG_WARN_INFINITE_RECURSION = YES;
				CLANG_WARN_SUSPICIOUS_MOVE = YES;
				INFOPLIST_FILE = ClueSwiftExampleApp/Info.plist;
				IPHONEOS_DEPLOYMENT_TARGET = 10.3;
				LD_RUNPATH_SEARCH_PATHS = "$(inherited) @executable_path/Frameworks";
				PRODUCT_BUNDLE_IDENTIFIER = com.ahmed.app.ClueSwiftExampleApp;
				PRODUCT_NAME = "$(TARGET_NAME)";
				SWIFT_OPTIMIZATION_LEVEL = "-Owholemodule";
				SWIFT_VERSION = 3.1;
			};
			name = Release;
		};
/* End XCBuildConfiguration section */

/* Begin XCConfigurationList section */
		E272DD7C1CD5223300F1FECA /* Build configuration list for PBXProject "Clue" */ = {
			isa = XCConfigurationList;
			buildConfigurations = (
				E272DD941CD5223300F1FECA /* Debug */,
				E272DD951CD5223300F1FECA /* Release */,
			);
			defaultConfigurationIsVisible = 0;
			defaultConfigurationName = Release;
		};
		E272DD961CD5223300F1FECA /* Build configuration list for PBXNativeTarget "Clue" */ = {
			isa = XCConfigurationList;
			buildConfigurations = (
				E272DD971CD5223300F1FECA /* Debug */,
				E272DD981CD5223300F1FECA /* Release */,
			);
			defaultConfigurationIsVisible = 0;
			defaultConfigurationName = Release;
		};
		E272DD991CD5223300F1FECA /* Build configuration list for PBXNativeTarget "ClueTests" */ = {
			isa = XCConfigurationList;
			buildConfigurations = (
				E272DD9A1CD5223300F1FECA /* Debug */,
				E272DD9B1CD5223300F1FECA /* Release */,
			);
			defaultConfigurationIsVisible = 0;
			defaultConfigurationName = Release;
		};
		E272DDB51CD522F000F1FECA /* Build configuration list for PBXNativeTarget "ClueExampleApp" */ = {
			isa = XCConfigurationList;
			buildConfigurations = (
				E272DDB61CD522F000F1FECA /* Debug */,
				E272DDB71CD522F000F1FECA /* Release */,
			);
			defaultConfigurationIsVisible = 0;
			defaultConfigurationName = Release;
		};
		E2D9A44C1E8F0EC20099B0AA /* Build configuration list for PBXNativeTarget "ClueSwiftExampleApp" */ = {
			isa = XCConfigurationList;
			buildConfigurations = (
				E2D9A44D1E8F0EC20099B0AA /* Debug */,
				E2D9A44E1E8F0EC20099B0AA /* Release */,
			);
			defaultConfigurationIsVisible = 0;
			defaultConfigurationName = Release;
		};
/* End XCConfigurationList section */
	};
	rootObject = E272DD791CD5223300F1FECA /* Project object */;
}
