// !$*UTF8*$!
{
	archiveVersion = 1;
	classes = {
	};
	objectVersion = 46;
	objects = {

/* Begin PBXBuildFile section */
		E215639A1D25A15A005EDF61 /* NSException+CLUExceptionAdditions.h in Headers */ = {isa = PBXBuildFile; fileRef = E21563981D25A15A005EDF61 /* NSException+CLUExceptionAdditions.h */; };
		E215639B1D25A15A005EDF61 /* NSException+CLUExceptionAdditions.m in Sources */ = {isa = PBXBuildFile; fileRef = E21563991D25A15A005EDF61 /* NSException+CLUExceptionAdditions.m */; };
		E21840D41CFCD7F80053422C /* UIImageView+CLUViewRecordableAdditions.h in Headers */ = {isa = PBXBuildFile; fileRef = E21840D21CFCD7F80053422C /* UIImageView+CLUViewRecordableAdditions.h */; };
		E21840D51CFCD7F80053422C /* UIImageView+CLUViewRecordableAdditions.m in Sources */ = {isa = PBXBuildFile; fileRef = E21840D31CFCD7F80053422C /* UIImageView+CLUViewRecordableAdditions.m */; };
		E21840D81CFCDA4B0053422C /* UITextField+CLUViewRecordableAdditions.h in Headers */ = {isa = PBXBuildFile; fileRef = E21840D61CFCDA4B0053422C /* UITextField+CLUViewRecordableAdditions.h */; };
		E21840D91CFCDA4B0053422C /* UITextField+CLUViewRecordableAdditions.m in Sources */ = {isa = PBXBuildFile; fileRef = E21840D71CFCDA4B0053422C /* UITextField+CLUViewRecordableAdditions.m */; };
		E22F60EF1D265DBE0062D6B8 /* CLUTouch.h in Headers */ = {isa = PBXBuildFile; fileRef = E22F60ED1D265DBE0062D6B8 /* CLUTouch.h */; };
		E22F60F01D265DBE0062D6B8 /* CLUTouch.m in Sources */ = {isa = PBXBuildFile; fileRef = E22F60EE1D265DBE0062D6B8 /* CLUTouch.m */; };
		E232BA8A1CF8214D00F5DB52 /* CLUViewRecordableProperties.h in Headers */ = {isa = PBXBuildFile; fileRef = E232BA891CF8214D00F5DB52 /* CLUViewRecordableProperties.h */; };
		E232BA8E1CF821D400F5DB52 /* UIView+CLUViewRecordableAdditions.h in Headers */ = {isa = PBXBuildFile; fileRef = E232BA8C1CF821D400F5DB52 /* UIView+CLUViewRecordableAdditions.h */; };
		E232BA8F1CF821D400F5DB52 /* UIView+CLUViewRecordableAdditions.m in Sources */ = {isa = PBXBuildFile; fileRef = E232BA8D1CF821D400F5DB52 /* UIView+CLUViewRecordableAdditions.m */; };
		E232BA921CF830DC00F5DB52 /* UILabel+CLUViewRecordableAdditions.h in Headers */ = {isa = PBXBuildFile; fileRef = E232BA901CF830DC00F5DB52 /* UILabel+CLUViewRecordableAdditions.h */; };
		E232BA931CF830DC00F5DB52 /* UILabel+CLUViewRecordableAdditions.m in Sources */ = {isa = PBXBuildFile; fileRef = E232BA911CF830DC00F5DB52 /* UILabel+CLUViewRecordableAdditions.m */; };
		E23891371D1BC90600D688CD /* CLUNetworkModule.h in Headers */ = {isa = PBXBuildFile; fileRef = E23891351D1BC90600D688CD /* CLUNetworkModule.h */; };
		E23891381D1BC90600D688CD /* CLUNetworkModule.m in Sources */ = {isa = PBXBuildFile; fileRef = E23891361D1BC90600D688CD /* CLUNetworkModule.m */; };
		E238913B1D1BDA8C00D688CD /* NSError+CLUNetworkAdditions.h in Headers */ = {isa = PBXBuildFile; fileRef = E23891391D1BDA8C00D688CD /* NSError+CLUNetworkAdditions.h */; };
		E238913C1D1BDA8C00D688CD /* NSError+CLUNetworkAdditions.m in Sources */ = {isa = PBXBuildFile; fileRef = E238913A1D1BDA8C00D688CD /* NSError+CLUNetworkAdditions.m */; };
		E238913F1D1BDC3C00D688CD /* NSURLResponse+CLUNetworkAdditions.h in Headers */ = {isa = PBXBuildFile; fileRef = E238913D1D1BDC3C00D688CD /* NSURLResponse+CLUNetworkAdditions.h */; };
		E23891401D1BDC3C00D688CD /* NSURLResponse+CLUNetworkAdditions.m in Sources */ = {isa = PBXBuildFile; fileRef = E238913E1D1BDC3C00D688CD /* NSURLResponse+CLUNetworkAdditions.m */; };
		E23891431D1BDE0300D688CD /* NSHTTPURLResponse+CLUNetworkAdditions.h in Headers */ = {isa = PBXBuildFile; fileRef = E23891411D1BDE0300D688CD /* NSHTTPURLResponse+CLUNetworkAdditions.h */; };
		E23891441D1BDE0300D688CD /* NSHTTPURLResponse+CLUNetworkAdditions.m in Sources */ = {isa = PBXBuildFile; fileRef = E23891421D1BDE0300D688CD /* NSHTTPURLResponse+CLUNetworkAdditions.m */; };
		E23891471D1BDF9300D688CD /* NSURLRequest+CLUNetworkAdditions.h in Headers */ = {isa = PBXBuildFile; fileRef = E23891451D1BDF9300D688CD /* NSURLRequest+CLUNetworkAdditions.h */; };
		E23891481D1BDF9300D688CD /* NSURLRequest+CLUNetworkAdditions.m in Sources */ = {isa = PBXBuildFile; fileRef = E23891461D1BDF9300D688CD /* NSURLRequest+CLUNetworkAdditions.m */; };
		E24AEDFA1D06DA18001F31FF /* CLUInteractionObserverDelegate.h in Headers */ = {isa = PBXBuildFile; fileRef = E24AEDF91D06DA18001F31FF /* CLUInteractionObserverDelegate.h */; };
		E24AEDFE1D06DD28001F31FF /* CLUGeneralGestureRecognizer.h in Headers */ = {isa = PBXBuildFile; fileRef = E24AEDFC1D06DD28001F31FF /* CLUGeneralGestureRecognizer.h */; };
		E24AEDFF1D06DD28001F31FF /* CLUGeneralGestureRecognizer.m in Sources */ = {isa = PBXBuildFile; fileRef = E24AEDFD1D06DD28001F31FF /* CLUGeneralGestureRecognizer.m */; };
		E24AEE021D06E9DC001F31FF /* UITouch+CLUUserInteractionAdditions.h in Headers */ = {isa = PBXBuildFile; fileRef = E24AEE001D06E9DC001F31FF /* UITouch+CLUUserInteractionAdditions.h */; };
		E24AEE031D06E9DC001F31FF /* UITouch+CLUUserInteractionAdditions.m in Sources */ = {isa = PBXBuildFile; fileRef = E24AEE011D06E9DC001F31FF /* UITouch+CLUUserInteractionAdditions.m */; };
		E258F3FF1CE3D037001E9F92 /* CLUOptions.h in Headers */ = {isa = PBXBuildFile; fileRef = E258F3FD1CE3D037001E9F92 /* CLUOptions.h */; settings = {ATTRIBUTES = (Public, ); }; };
		E258F4001CE3D037001E9F92 /* CLUOptions.m in Sources */ = {isa = PBXBuildFile; fileRef = E258F3FE1CE3D037001E9F92 /* CLUOptions.m */; };
		E272DD861CD5223300F1FECA /* Clue.h in Headers */ = {isa = PBXBuildFile; fileRef = E272DD851CD5223300F1FECA /* Clue.h */; settings = {ATTRIBUTES = (Public, ); }; };
		E272DD8D1CD5223300F1FECA /* Clue.framework in Frameworks */ = {isa = PBXBuildFile; fileRef = E272DD821CD5223300F1FECA /* Clue.framework */; };
		E272DD921CD5223300F1FECA /* ClueTests.m in Sources */ = {isa = PBXBuildFile; fileRef = E272DD911CD5223300F1FECA /* ClueTests.m */; };
		E272DDA51CD522F000F1FECA /* main.m in Sources */ = {isa = PBXBuildFile; fileRef = E272DDA41CD522F000F1FECA /* main.m */; };
		E272DDA81CD522F000F1FECA /* AppDelegate.m in Sources */ = {isa = PBXBuildFile; fileRef = E272DDA71CD522F000F1FECA /* AppDelegate.m */; };
		E272DDAB1CD522F000F1FECA /* ViewController.m in Sources */ = {isa = PBXBuildFile; fileRef = E272DDAA1CD522F000F1FECA /* ViewController.m */; };
		E272DDAE1CD522F000F1FECA /* Main.storyboard in Resources */ = {isa = PBXBuildFile; fileRef = E272DDAC1CD522F000F1FECA /* Main.storyboard */; };
		E272DDB01CD522F000F1FECA /* Assets.xcassets in Resources */ = {isa = PBXBuildFile; fileRef = E272DDAF1CD522F000F1FECA /* Assets.xcassets */; };
		E272DDB31CD522F000F1FECA /* LaunchScreen.storyboard in Resources */ = {isa = PBXBuildFile; fileRef = E272DDB11CD522F000F1FECA /* LaunchScreen.storyboard */; };
		E278B7DD1D03505F0083E951 /* CLUObserveModule.h in Headers */ = {isa = PBXBuildFile; fileRef = E278B7DB1D03505F0083E951 /* CLUObserveModule.h */; };
		E278B7DE1D03505F0083E951 /* CLUObserveModule.m in Sources */ = {isa = PBXBuildFile; fileRef = E278B7DC1D03505F0083E951 /* CLUObserveModule.m */; };
		E278B7E11D035DC90083E951 /* CLUDataWriter.h in Headers */ = {isa = PBXBuildFile; fileRef = E278B7DF1D035DC90083E951 /* CLUDataWriter.h */; };
		E278B7E21D035DC90083E951 /* CLUDataWriter.m in Sources */ = {isa = PBXBuildFile; fileRef = E278B7E01D035DC90083E951 /* CLUDataWriter.m */; };
		E278B7E51D036B5E0083E951 /* CLUUserInteractionModule.h in Headers */ = {isa = PBXBuildFile; fileRef = E278B7E31D036B5E0083E951 /* CLUUserInteractionModule.h */; };
		E278B7E61D036B5E0083E951 /* CLUUserInteractionModule.m in Sources */ = {isa = PBXBuildFile; fileRef = E278B7E41D036B5E0083E951 /* CLUUserInteractionModule.m */; };
		E28610121CEFB9C300FA9BAF /* Karla-Bold.ttf in Resources */ = {isa = PBXBuildFile; fileRef = E286100E1CEFB9C300FA9BAF /* Karla-Bold.ttf */; };
		E28610131CEFB9C300FA9BAF /* Karla-BoldItalic.ttf in Resources */ = {isa = PBXBuildFile; fileRef = E286100F1CEFB9C300FA9BAF /* Karla-BoldItalic.ttf */; };
		E28610141CEFB9C300FA9BAF /* Karla-Italic.ttf in Resources */ = {isa = PBXBuildFile; fileRef = E28610101CEFB9C300FA9BAF /* Karla-Italic.ttf */; };
		E28610151CEFB9C300FA9BAF /* Karla-Regular.ttf in Resources */ = {isa = PBXBuildFile; fileRef = E28610111CEFB9C300FA9BAF /* Karla-Regular.ttf */; };
		E28CC08D1CEE214B00C9DFD9 /* CLUReportComposer.h in Headers */ = {isa = PBXBuildFile; fileRef = E28CC08B1CEE214B00C9DFD9 /* CLUReportComposer.h */; };
		E28CC08E1CEE214B00C9DFD9 /* CLUReportComposer.m in Sources */ = {isa = PBXBuildFile; fileRef = E28CC08C1CEE214B00C9DFD9 /* CLUReportComposer.m */; };
		E28CC0951CEE619000C9DFD9 /* ClueController.h in Headers */ = {isa = PBXBuildFile; fileRef = E28CC0931CEE619000C9DFD9 /* ClueController.h */; settings = {ATTRIBUTES = (Public, ); }; };
		E28CC0961CEE619000C9DFD9 /* ClueController.m in Sources */ = {isa = PBXBuildFile; fileRef = E28CC0941CEE619000C9DFD9 /* ClueController.m */; };
		E291DEAA1D14A04F009AB23F /* CLUURLProtocol.h in Headers */ = {isa = PBXBuildFile; fileRef = E291DEA81D14A04F009AB23F /* CLUURLProtocol.h */; };
		E291DEAB1D14A04F009AB23F /* CLUURLProtocol.m in Sources */ = {isa = PBXBuildFile; fileRef = E291DEA91D14A04F009AB23F /* CLUURLProtocol.m */; };
		E291DEAD1D14A741009AB23F /* CLUNetworkObserverDelegate.h in Headers */ = {isa = PBXBuildFile; fileRef = E291DEAC1D14A741009AB23F /* CLUNetworkObserverDelegate.h */; };
		E29CE2A91CF7994C00C27384 /* CLUViewStructureModule.h in Headers */ = {isa = PBXBuildFile; fileRef = E29CE2A71CF7994C00C27384 /* CLUViewStructureModule.h */; };
		E29CE2AA1CF7994C00C27384 /* CLUViewStructureModule.m in Sources */ = {isa = PBXBuildFile; fileRef = E29CE2A81CF7994C00C27384 /* CLUViewStructureModule.m */; };
		E2A30C871CED01CB00A48C61 /* CLURecordableModule.h in Headers */ = {isa = PBXBuildFile; fileRef = E2A30C861CED01CB00A48C61 /* CLURecordableModule.h */; };
		E2A30C8A1CED03F700A48C61 /* CLUVideoModule.h in Headers */ = {isa = PBXBuildFile; fileRef = E2A30C881CED03F700A48C61 /* CLUVideoModule.h */; };
		E2A30C8B1CED03F700A48C61 /* CLUVideoModule.m in Sources */ = {isa = PBXBuildFile; fileRef = E2A30C891CED03F700A48C61 /* CLUVideoModule.m */; };
		E2A30C8D1CED08DA00A48C61 /* CLUWritable.h in Headers */ = {isa = PBXBuildFile; fileRef = E2A30C8C1CED08DA00A48C61 /* CLUWritable.h */; };
		E2A30C911CED0BF800A48C61 /* CLUVideoWriter.h in Headers */ = {isa = PBXBuildFile; fileRef = E2A30C8F1CED0BF800A48C61 /* CLUVideoWriter.h */; };
		E2A30C921CED0BF800A48C61 /* CLUVideoWriter.m in Sources */ = {isa = PBXBuildFile; fileRef = E2A30C901CED0BF800A48C61 /* CLUVideoWriter.m */; };
		E2C0FF141CFD824800DB89CE /* CLUViewStructureWriter.h in Headers */ = {isa = PBXBuildFile; fileRef = E2C0FF121CFD824800DB89CE /* CLUViewStructureWriter.h */; };
		E2C0FF151CFD824800DB89CE /* CLUViewStructureWriter.m in Sources */ = {isa = PBXBuildFile; fileRef = E2C0FF131CFD824800DB89CE /* CLUViewStructureWriter.m */; };
/* End PBXBuildFile section */

/* Begin PBXContainerItemProxy section */
		E272DD8E1CD5223300F1FECA /* PBXContainerItemProxy */ = {
			isa = PBXContainerItemProxy;
			containerPortal = E272DD791CD5223300F1FECA /* Project object */;
			proxyType = 1;
			remoteGlobalIDString = E272DD811CD5223300F1FECA;
			remoteInfo = Clue;
		};
		E272DDB81CD5230300F1FECA /* PBXContainerItemProxy */ = {
			isa = PBXContainerItemProxy;
			containerPortal = E272DD791CD5223300F1FECA /* Project object */;
			proxyType = 1;
			remoteGlobalIDString = E272DD811CD5223300F1FECA;
			remoteInfo = Clue;
		};
/* End PBXContainerItemProxy section */

/* Begin PBXFileReference section */
		E21563981D25A15A005EDF61 /* NSException+CLUExceptionAdditions.h */ = {isa = PBXFileReference; fileEncoding = 4; lastKnownFileType = sourcecode.c.h; name = "NSException+CLUExceptionAdditions.h"; path = "Classes/Extensions/NSException+CLUExceptionAdditions.h"; sourceTree = "<group>"; };
		E21563991D25A15A005EDF61 /* NSException+CLUExceptionAdditions.m */ = {isa = PBXFileReference; fileEncoding = 4; lastKnownFileType = sourcecode.c.objc; name = "NSException+CLUExceptionAdditions.m"; path = "Classes/Extensions/NSException+CLUExceptionAdditions.m"; sourceTree = "<group>"; };
		E21840D21CFCD7F80053422C /* UIImageView+CLUViewRecordableAdditions.h */ = {isa = PBXFileReference; fileEncoding = 4; lastKnownFileType = sourcecode.c.h; name = "UIImageView+CLUViewRecordableAdditions.h"; path = "Classes/Extensions/Views/UIImageView+CLUViewRecordableAdditions.h"; sourceTree = "<group>"; };
		E21840D31CFCD7F80053422C /* UIImageView+CLUViewRecordableAdditions.m */ = {isa = PBXFileReference; fileEncoding = 4; lastKnownFileType = sourcecode.c.objc; name = "UIImageView+CLUViewRecordableAdditions.m"; path = "Classes/Extensions/Views/UIImageView+CLUViewRecordableAdditions.m"; sourceTree = "<group>"; };
		E21840D61CFCDA4B0053422C /* UITextField+CLUViewRecordableAdditions.h */ = {isa = PBXFileReference; fileEncoding = 4; lastKnownFileType = sourcecode.c.h; name = "UITextField+CLUViewRecordableAdditions.h"; path = "Classes/Extensions/Views/UITextField+CLUViewRecordableAdditions.h"; sourceTree = "<group>"; };
		E21840D71CFCDA4B0053422C /* UITextField+CLUViewRecordableAdditions.m */ = {isa = PBXFileReference; fileEncoding = 4; lastKnownFileType = sourcecode.c.objc; name = "UITextField+CLUViewRecordableAdditions.m"; path = "Classes/Extensions/Views/UITextField+CLUViewRecordableAdditions.m"; sourceTree = "<group>"; };
		E22F60ED1D265DBE0062D6B8 /* CLUTouch.h */ = {isa = PBXFileReference; fileEncoding = 4; lastKnownFileType = sourcecode.c.h; name = CLUTouch.h; path = Classes/Models/CLUTouch.h; sourceTree = "<group>"; };
		E22F60EE1D265DBE0062D6B8 /* CLUTouch.m */ = {isa = PBXFileReference; fileEncoding = 4; lastKnownFileType = sourcecode.c.objc; name = CLUTouch.m; path = Classes/Models/CLUTouch.m; sourceTree = "<group>"; };
		E232BA891CF8214D00F5DB52 /* CLUViewRecordableProperties.h */ = {isa = PBXFileReference; fileEncoding = 4; lastKnownFileType = sourcecode.c.h; name = CLUViewRecordableProperties.h; path = Classes/Protocols/CLUViewRecordableProperties.h; sourceTree = "<group>"; };
		E232BA8C1CF821D400F5DB52 /* UIView+CLUViewRecordableAdditions.h */ = {isa = PBXFileReference; fileEncoding = 4; lastKnownFileType = sourcecode.c.h; name = "UIView+CLUViewRecordableAdditions.h"; path = "Classes/Extensions/Views/UIView+CLUViewRecordableAdditions.h"; sourceTree = "<group>"; };
		E232BA8D1CF821D400F5DB52 /* UIView+CLUViewRecordableAdditions.m */ = {isa = PBXFileReference; fileEncoding = 4; lastKnownFileType = sourcecode.c.objc; name = "UIView+CLUViewRecordableAdditions.m"; path = "Classes/Extensions/Views/UIView+CLUViewRecordableAdditions.m"; sourceTree = "<group>"; };
		E232BA901CF830DC00F5DB52 /* UILabel+CLUViewRecordableAdditions.h */ = {isa = PBXFileReference; fileEncoding = 4; lastKnownFileType = sourcecode.c.h; name = "UILabel+CLUViewRecordableAdditions.h"; path = "Classes/Extensions/Views/UILabel+CLUViewRecordableAdditions.h"; sourceTree = "<group>"; };
		E232BA911CF830DC00F5DB52 /* UILabel+CLUViewRecordableAdditions.m */ = {isa = PBXFileReference; fileEncoding = 4; lastKnownFileType = sourcecode.c.objc; name = "UILabel+CLUViewRecordableAdditions.m"; path = "Classes/Extensions/Views/UILabel+CLUViewRecordableAdditions.m"; sourceTree = "<group>"; };
		E23891351D1BC90600D688CD /* CLUNetworkModule.h */ = {isa = PBXFileReference; fileEncoding = 4; lastKnownFileType = sourcecode.c.h; name = CLUNetworkModule.h; path = Classes/Modules/CLUNetworkModule.h; sourceTree = "<group>"; };
		E23891361D1BC90600D688CD /* CLUNetworkModule.m */ = {isa = PBXFileReference; fileEncoding = 4; lastKnownFileType = sourcecode.c.objc; name = CLUNetworkModule.m; path = Classes/Modules/CLUNetworkModule.m; sourceTree = "<group>"; };
		E23891391D1BDA8C00D688CD /* NSError+CLUNetworkAdditions.h */ = {isa = PBXFileReference; fileEncoding = 4; lastKnownFileType = sourcecode.c.h; name = "NSError+CLUNetworkAdditions.h"; path = "Classes/Extensions/NSError+CLUNetworkAdditions.h"; sourceTree = "<group>"; };
		E238913A1D1BDA8C00D688CD /* NSError+CLUNetworkAdditions.m */ = {isa = PBXFileReference; fileEncoding = 4; lastKnownFileType = sourcecode.c.objc; name = "NSError+CLUNetworkAdditions.m"; path = "Classes/Extensions/NSError+CLUNetworkAdditions.m"; sourceTree = "<group>"; };
		E238913D1D1BDC3C00D688CD /* NSURLResponse+CLUNetworkAdditions.h */ = {isa = PBXFileReference; fileEncoding = 4; lastKnownFileType = sourcecode.c.h; name = "NSURLResponse+CLUNetworkAdditions.h"; path = "Classes/Extensions/NSURLResponse+CLUNetworkAdditions.h"; sourceTree = "<group>"; };
		E238913E1D1BDC3C00D688CD /* NSURLResponse+CLUNetworkAdditions.m */ = {isa = PBXFileReference; fileEncoding = 4; lastKnownFileType = sourcecode.c.objc; name = "NSURLResponse+CLUNetworkAdditions.m"; path = "Classes/Extensions/NSURLResponse+CLUNetworkAdditions.m"; sourceTree = "<group>"; };
		E23891411D1BDE0300D688CD /* NSHTTPURLResponse+CLUNetworkAdditions.h */ = {isa = PBXFileReference; fileEncoding = 4; lastKnownFileType = sourcecode.c.h; name = "NSHTTPURLResponse+CLUNetworkAdditions.h"; path = "Classes/Extensions/NSHTTPURLResponse+CLUNetworkAdditions.h"; sourceTree = "<group>"; };
		E23891421D1BDE0300D688CD /* NSHTTPURLResponse+CLUNetworkAdditions.m */ = {isa = PBXFileReference; fileEncoding = 4; lastKnownFileType = sourcecode.c.objc; name = "NSHTTPURLResponse+CLUNetworkAdditions.m"; path = "Classes/Extensions/NSHTTPURLResponse+CLUNetworkAdditions.m"; sourceTree = "<group>"; };
		E23891451D1BDF9300D688CD /* NSURLRequest+CLUNetworkAdditions.h */ = {isa = PBXFileReference; fileEncoding = 4; lastKnownFileType = sourcecode.c.h; name = "NSURLRequest+CLUNetworkAdditions.h"; path = "Classes/Extensions/NSURLRequest+CLUNetworkAdditions.h"; sourceTree = "<group>"; };
		E23891461D1BDF9300D688CD /* NSURLRequest+CLUNetworkAdditions.m */ = {isa = PBXFileReference; fileEncoding = 4; lastKnownFileType = sourcecode.c.objc; name = "NSURLRequest+CLUNetworkAdditions.m"; path = "Classes/Extensions/NSURLRequest+CLUNetworkAdditions.m"; sourceTree = "<group>"; };
		E24AEDF91D06DA18001F31FF /* CLUInteractionObserverDelegate.h */ = {isa = PBXFileReference; fileEncoding = 4; lastKnownFileType = sourcecode.c.h; name = CLUInteractionObserverDelegate.h; path = Classes/Protocols/CLUInteractionObserverDelegate.h; sourceTree = "<group>"; };
		E24AEDFC1D06DD28001F31FF /* CLUGeneralGestureRecognizer.h */ = {isa = PBXFileReference; fileEncoding = 4; lastKnownFileType = sourcecode.c.h; name = CLUGeneralGestureRecognizer.h; path = Classes/ModulesUtils/GestureRecognizers/CLUGeneralGestureRecognizer.h; sourceTree = "<group>"; };
		E24AEDFD1D06DD28001F31FF /* CLUGeneralGestureRecognizer.m */ = {isa = PBXFileReference; fileEncoding = 4; lastKnownFileType = sourcecode.c.objc; name = CLUGeneralGestureRecognizer.m; path = Classes/ModulesUtils/GestureRecognizers/CLUGeneralGestureRecognizer.m; sourceTree = "<group>"; };
		E24AEE001D06E9DC001F31FF /* UITouch+CLUUserInteractionAdditions.h */ = {isa = PBXFileReference; fileEncoding = 4; lastKnownFileType = sourcecode.c.h; name = "UITouch+CLUUserInteractionAdditions.h"; path = "Classes/Extensions/UITouch+CLUUserInteractionAdditions.h"; sourceTree = "<group>"; };
		E24AEE011D06E9DC001F31FF /* UITouch+CLUUserInteractionAdditions.m */ = {isa = PBXFileReference; fileEncoding = 4; lastKnownFileType = sourcecode.c.objc; name = "UITouch+CLUUserInteractionAdditions.m"; path = "Classes/Extensions/UITouch+CLUUserInteractionAdditions.m"; sourceTree = "<group>"; };
		E258F3FD1CE3D037001E9F92 /* CLUOptions.h */ = {isa = PBXFileReference; fileEncoding = 4; lastKnownFileType = sourcecode.c.h; name = CLUOptions.h; path = Classes/Models/CLUOptions.h; sourceTree = "<group>"; };
		E258F3FE1CE3D037001E9F92 /* CLUOptions.m */ = {isa = PBXFileReference; fileEncoding = 4; lastKnownFileType = sourcecode.c.objc; name = CLUOptions.m; path = Classes/Models/CLUOptions.m; sourceTree = "<group>"; };
		E272DD821CD5223300F1FECA /* Clue.framework */ = {isa = PBXFileReference; explicitFileType = wrapper.framework; includeInIndex = 0; path = Clue.framework; sourceTree = BUILT_PRODUCTS_DIR; };
		E272DD851CD5223300F1FECA /* Clue.h */ = {isa = PBXFileReference; lastKnownFileType = sourcecode.c.h; path = Clue.h; sourceTree = "<group>"; };
		E272DD871CD5223300F1FECA /* Info.plist */ = {isa = PBXFileReference; lastKnownFileType = text.plist.xml; path = Info.plist; sourceTree = "<group>"; };
		E272DD8C1CD5223300F1FECA /* ClueTests.xctest */ = {isa = PBXFileReference; explicitFileType = wrapper.cfbundle; includeInIndex = 0; path = ClueTests.xctest; sourceTree = BUILT_PRODUCTS_DIR; };
		E272DD911CD5223300F1FECA /* ClueTests.m */ = {isa = PBXFileReference; lastKnownFileType = sourcecode.c.objc; path = ClueTests.m; sourceTree = "<group>"; };
		E272DD931CD5223300F1FECA /* Info.plist */ = {isa = PBXFileReference; lastKnownFileType = text.plist.xml; path = Info.plist; sourceTree = "<group>"; };
		E272DDA11CD522F000F1FECA /* ClueExampleApp.app */ = {isa = PBXFileReference; explicitFileType = wrapper.application; includeInIndex = 0; path = ClueExampleApp.app; sourceTree = BUILT_PRODUCTS_DIR; };
		E272DDA41CD522F000F1FECA /* main.m */ = {isa = PBXFileReference; lastKnownFileType = sourcecode.c.objc; path = main.m; sourceTree = "<group>"; };
		E272DDA61CD522F000F1FECA /* AppDelegate.h */ = {isa = PBXFileReference; lastKnownFileType = sourcecode.c.h; path = AppDelegate.h; sourceTree = "<group>"; };
		E272DDA71CD522F000F1FECA /* AppDelegate.m */ = {isa = PBXFileReference; lastKnownFileType = sourcecode.c.objc; path = AppDelegate.m; sourceTree = "<group>"; };
		E272DDA91CD522F000F1FECA /* ViewController.h */ = {isa = PBXFileReference; lastKnownFileType = sourcecode.c.h; path = ViewController.h; sourceTree = "<group>"; };
		E272DDAA1CD522F000F1FECA /* ViewController.m */ = {isa = PBXFileReference; lastKnownFileType = sourcecode.c.objc; path = ViewController.m; sourceTree = "<group>"; };
		E272DDAD1CD522F000F1FECA /* Base */ = {isa = PBXFileReference; lastKnownFileType = file.storyboard; name = Base; path = Base.lproj/Main.storyboard; sourceTree = "<group>"; };
		E272DDAF1CD522F000F1FECA /* Assets.xcassets */ = {isa = PBXFileReference; lastKnownFileType = folder.assetcatalog; path = Assets.xcassets; sourceTree = "<group>"; };
		E272DDB21CD522F000F1FECA /* Base */ = {isa = PBXFileReference; lastKnownFileType = file.storyboard; name = Base; path = Base.lproj/LaunchScreen.storyboard; sourceTree = "<group>"; };
		E272DDB41CD522F000F1FECA /* Info.plist */ = {isa = PBXFileReference; lastKnownFileType = text.plist.xml; path = Info.plist; sourceTree = "<group>"; };
		E278B7DB1D03505F0083E951 /* CLUObserveModule.h */ = {isa = PBXFileReference; fileEncoding = 4; lastKnownFileType = sourcecode.c.h; name = CLUObserveModule.h; path = Classes/Modules/CLUObserveModule.h; sourceTree = "<group>"; };
		E278B7DC1D03505F0083E951 /* CLUObserveModule.m */ = {isa = PBXFileReference; fileEncoding = 4; lastKnownFileType = sourcecode.c.objc; name = CLUObserveModule.m; path = Classes/Modules/CLUObserveModule.m; sourceTree = "<group>"; };
		E278B7DF1D035DC90083E951 /* CLUDataWriter.h */ = {isa = PBXFileReference; fileEncoding = 4; lastKnownFileType = sourcecode.c.h; name = CLUDataWriter.h; path = Classes/Writers/CLUDataWriter.h; sourceTree = "<group>"; };
		E278B7E01D035DC90083E951 /* CLUDataWriter.m */ = {isa = PBXFileReference; fileEncoding = 4; lastKnownFileType = sourcecode.c.objc; name = CLUDataWriter.m; path = Classes/Writers/CLUDataWriter.m; sourceTree = "<group>"; };
		E278B7E31D036B5E0083E951 /* CLUUserInteractionModule.h */ = {isa = PBXFileReference; fileEncoding = 4; lastKnownFileType = sourcecode.c.h; name = CLUUserInteractionModule.h; path = Classes/Modules/CLUUserInteractionModule.h; sourceTree = "<group>"; };
		E278B7E41D036B5E0083E951 /* CLUUserInteractionModule.m */ = {isa = PBXFileReference; fileEncoding = 4; lastKnownFileType = sourcecode.c.objc; name = CLUUserInteractionModule.m; path = Classes/Modules/CLUUserInteractionModule.m; sourceTree = "<group>"; };
		E286100E1CEFB9C300FA9BAF /* Karla-Bold.ttf */ = {isa = PBXFileReference; lastKnownFileType = file; path = "Karla-Bold.ttf"; sourceTree = "<group>"; };
		E286100F1CEFB9C300FA9BAF /* Karla-BoldItalic.ttf */ = {isa = PBXFileReference; lastKnownFileType = file; path = "Karla-BoldItalic.ttf"; sourceTree = "<group>"; };
		E28610101CEFB9C300FA9BAF /* Karla-Italic.ttf */ = {isa = PBXFileReference; lastKnownFileType = file; path = "Karla-Italic.ttf"; sourceTree = "<group>"; };
		E28610111CEFB9C300FA9BAF /* Karla-Regular.ttf */ = {isa = PBXFileReference; lastKnownFileType = file; path = "Karla-Regular.ttf"; sourceTree = "<group>"; };
		E28CC08B1CEE214B00C9DFD9 /* CLUReportComposer.h */ = {isa = PBXFileReference; fileEncoding = 4; lastKnownFileType = sourcecode.c.h; name = CLUReportComposer.h; path = Classes/Composers/CLUReportComposer.h; sourceTree = "<group>"; };
		E28CC08C1CEE214B00C9DFD9 /* CLUReportComposer.m */ = {isa = PBXFileReference; fileEncoding = 4; lastKnownFileType = sourcecode.c.objc; name = CLUReportComposer.m; path = Classes/Composers/CLUReportComposer.m; sourceTree = "<group>"; };
		E28CC0931CEE619000C9DFD9 /* ClueController.h */ = {isa = PBXFileReference; fileEncoding = 4; lastKnownFileType = sourcecode.c.h; path = ClueController.h; sourceTree = "<group>"; };
		E28CC0941CEE619000C9DFD9 /* ClueController.m */ = {isa = PBXFileReference; fileEncoding = 4; lastKnownFileType = sourcecode.c.objc; path = ClueController.m; sourceTree = "<group>"; };
		E291DEA81D14A04F009AB23F /* CLUURLProtocol.h */ = {isa = PBXFileReference; fileEncoding = 4; lastKnownFileType = sourcecode.c.h; name = CLUURLProtocol.h; path = Classes/ModulesUtils/NetworkHelpers/CLUURLProtocol.h; sourceTree = "<group>"; };
		E291DEA91D14A04F009AB23F /* CLUURLProtocol.m */ = {isa = PBXFileReference; fileEncoding = 4; lastKnownFileType = sourcecode.c.objc; name = CLUURLProtocol.m; path = Classes/ModulesUtils/NetworkHelpers/CLUURLProtocol.m; sourceTree = "<group>"; };
		E291DEAC1D14A741009AB23F /* CLUNetworkObserverDelegate.h */ = {isa = PBXFileReference; fileEncoding = 4; lastKnownFileType = sourcecode.c.h; name = CLUNetworkObserverDelegate.h; path = Classes/Protocols/CLUNetworkObserverDelegate.h; sourceTree = "<group>"; };
		E29CE2A71CF7994C00C27384 /* CLUViewStructureModule.h */ = {isa = PBXFileReference; fileEncoding = 4; lastKnownFileType = sourcecode.c.h; name = CLUViewStructureModule.h; path = Classes/Modules/CLUViewStructureModule.h; sourceTree = "<group>"; };
		E29CE2A81CF7994C00C27384 /* CLUViewStructureModule.m */ = {isa = PBXFileReference; fileEncoding = 4; lastKnownFileType = sourcecode.c.objc; name = CLUViewStructureModule.m; path = Classes/Modules/CLUViewStructureModule.m; sourceTree = "<group>"; };
		E2A30C861CED01CB00A48C61 /* CLURecordableModule.h */ = {isa = PBXFileReference; fileEncoding = 4; lastKnownFileType = sourcecode.c.h; name = CLURecordableModule.h; path = Classes/Protocols/CLURecordableModule.h; sourceTree = "<group>"; };
		E2A30C881CED03F700A48C61 /* CLUVideoModule.h */ = {isa = PBXFileReference; fileEncoding = 4; lastKnownFileType = sourcecode.c.h; name = CLUVideoModule.h; path = Classes/Modules/CLUVideoModule.h; sourceTree = "<group>"; };
		E2A30C891CED03F700A48C61 /* CLUVideoModule.m */ = {isa = PBXFileReference; fileEncoding = 4; lastKnownFileType = sourcecode.c.objc; name = CLUVideoModule.m; path = Classes/Modules/CLUVideoModule.m; sourceTree = "<group>"; };
		E2A30C8C1CED08DA00A48C61 /* CLUWritable.h */ = {isa = PBXFileReference; fileEncoding = 4; lastKnownFileType = sourcecode.c.h; name = CLUWritable.h; path = Classes/Protocols/CLUWritable.h; sourceTree = "<group>"; };
		E2A30C8F1CED0BF800A48C61 /* CLUVideoWriter.h */ = {isa = PBXFileReference; fileEncoding = 4; lastKnownFileType = sourcecode.c.h; name = CLUVideoWriter.h; path = Classes/Writers/CLUVideoWriter.h; sourceTree = "<group>"; };
		E2A30C901CED0BF800A48C61 /* CLUVideoWriter.m */ = {isa = PBXFileReference; fileEncoding = 4; lastKnownFileType = sourcecode.c.objc; name = CLUVideoWriter.m; path = Classes/Writers/CLUVideoWriter.m; sourceTree = "<group>"; };
		E2C0FF121CFD824800DB89CE /* CLUViewStructureWriter.h */ = {isa = PBXFileReference; fileEncoding = 4; lastKnownFileType = sourcecode.c.h; name = CLUViewStructureWriter.h; path = Classes/Writers/CLUViewStructureWriter.h; sourceTree = "<group>"; };
		E2C0FF131CFD824800DB89CE /* CLUViewStructureWriter.m */ = {isa = PBXFileReference; fileEncoding = 4; lastKnownFileType = sourcecode.c.objc; name = CLUViewStructureWriter.m; path = Classes/Writers/CLUViewStructureWriter.m; sourceTree = "<group>"; };
/* End PBXFileReference section */

/* Begin PBXFrameworksBuildPhase section */
		E272DD7E1CD5223300F1FECA /* Frameworks */ = {
			isa = PBXFrameworksBuildPhase;
			buildActionMask = 2147483647;
			files = (
			);
			runOnlyForDeploymentPostprocessing = 0;
		};
		E272DD891CD5223300F1FECA /* Frameworks */ = {
			isa = PBXFrameworksBuildPhase;
			buildActionMask = 2147483647;
			files = (
				E272DD8D1CD5223300F1FECA /* Clue.framework in Frameworks */,
			);
			runOnlyForDeploymentPostprocessing = 0;
		};
		E272DD9E1CD522F000F1FECA /* Frameworks */ = {
			isa = PBXFrameworksBuildPhase;
			buildActionMask = 2147483647;
			files = (
			);
			runOnlyForDeploymentPostprocessing = 0;
		};
/* End PBXFrameworksBuildPhase section */

/* Begin PBXGroup section */
		E232BA8B1CF8219400F5DB52 /* Views */ = {
			isa = PBXGroup;
			children = (
				E232BA8C1CF821D400F5DB52 /* UIView+CLUViewRecordableAdditions.h */,
				E232BA8D1CF821D400F5DB52 /* UIView+CLUViewRecordableAdditions.m */,
				E232BA901CF830DC00F5DB52 /* UILabel+CLUViewRecordableAdditions.h */,
				E232BA911CF830DC00F5DB52 /* UILabel+CLUViewRecordableAdditions.m */,
				E21840D21CFCD7F80053422C /* UIImageView+CLUViewRecordableAdditions.h */,
				E21840D31CFCD7F80053422C /* UIImageView+CLUViewRecordableAdditions.m */,
				E21840D61CFCDA4B0053422C /* UITextField+CLUViewRecordableAdditions.h */,
				E21840D71CFCDA4B0053422C /* UITextField+CLUViewRecordableAdditions.m */,
			);
			name = Views;
			sourceTree = "<group>";
		};
		E24AEDFB1D06DCE1001F31FF /* GestureRecognizers */ = {
			isa = PBXGroup;
			children = (
				E24AEDFC1D06DD28001F31FF /* CLUGeneralGestureRecognizer.h */,
				E24AEDFD1D06DD28001F31FF /* CLUGeneralGestureRecognizer.m */,
			);
			name = GestureRecognizers;
			sourceTree = "<group>";
		};
		E258F3F81CE3CD6A001E9F92 /* Extensions */ = {
			isa = PBXGroup;
			children = (
				E232BA8B1CF8219400F5DB52 /* Views */,
				E24AEE001D06E9DC001F31FF /* UITouch+CLUUserInteractionAdditions.h */,
				E24AEE011D06E9DC001F31FF /* UITouch+CLUUserInteractionAdditions.m */,
				E23891391D1BDA8C00D688CD /* NSError+CLUNetworkAdditions.h */,
				E238913A1D1BDA8C00D688CD /* NSError+CLUNetworkAdditions.m */,
				E238913D1D1BDC3C00D688CD /* NSURLResponse+CLUNetworkAdditions.h */,
				E238913E1D1BDC3C00D688CD /* NSURLResponse+CLUNetworkAdditions.m */,
				E23891411D1BDE0300D688CD /* NSHTTPURLResponse+CLUNetworkAdditions.h */,
				E23891421D1BDE0300D688CD /* NSHTTPURLResponse+CLUNetworkAdditions.m */,
				E23891451D1BDF9300D688CD /* NSURLRequest+CLUNetworkAdditions.h */,
				E23891461D1BDF9300D688CD /* NSURLRequest+CLUNetworkAdditions.m */,
				E21563981D25A15A005EDF61 /* NSException+CLUExceptionAdditions.h */,
				E21563991D25A15A005EDF61 /* NSException+CLUExceptionAdditions.m */,
			);
			name = Extensions;
			sourceTree = "<group>";
		};
		E272DD781CD5223300F1FECA = {
			isa = PBXGroup;
			children = (
				E272DD841CD5223300F1FECA /* Clue */,
				E272DD901CD5223300F1FECA /* ClueTests */,
				E272DDA21CD522F000F1FECA /* ClueExampleApp */,
				E272DD831CD5223300F1FECA /* Products */,
			);
			sourceTree = "<group>";
		};
		E272DD831CD5223300F1FECA /* Products */ = {
			isa = PBXGroup;
			children = (
				E272DD821CD5223300F1FECA /* Clue.framework */,
				E272DD8C1CD5223300F1FECA /* ClueTests.xctest */,
				E272DDA11CD522F000F1FECA /* ClueExampleApp.app */,
			);
			name = Products;
			sourceTree = "<group>";
		};
		E272DD841CD5223300F1FECA /* Clue */ = {
			isa = PBXGroup;
			children = (
				E272DDBA1CD52B4000F1FECA /* Frameworks */,
				E272DD9C1CD5225B00F1FECA /* Classes */,
				E272DD851CD5223300F1FECA /* Clue.h */,
				E272DD871CD5223300F1FECA /* Info.plist */,
			);
			path = Clue;
			sourceTree = "<group>";
		};
		E272DD901CD5223300F1FECA /* ClueTests */ = {
			isa = PBXGroup;
			children = (
				E272DD911CD5223300F1FECA /* ClueTests.m */,
				E272DD931CD5223300F1FECA /* Info.plist */,
			);
			path = ClueTests;
			sourceTree = "<group>";
		};
		E272DD9C1CD5225B00F1FECA /* Classes */ = {
			isa = PBXGroup;
			children = (
				E28CC0931CEE619000C9DFD9 /* ClueController.h */,
				E28CC0941CEE619000C9DFD9 /* ClueController.m */,
				E28CC08A1CEE210D00C9DFD9 /* Composers */,
				E2A30C851CED017F00A48C61 /* Protocols */,
				E2A30C841CED017200A48C61 /* Modules */,
				E291DEA61D149E1B009AB23F /* ModulesUtils */,
				E2A30C8E1CED0BC700A48C61 /* Writers */,
				E258F3F81CE3CD6A001E9F92 /* Extensions */,
				E272DDBD1CD5300000F1FECA /* Views */,
				E272DDBB1CD52FE300F1FECA /* Models */,
			);
			name = Classes;
			sourceTree = "<group>";
		};
		E272DDA21CD522F000F1FECA /* ClueExampleApp */ = {
			isa = PBXGroup;
			children = (
				E286100D1CEFB9AD00FA9BAF /* Resources */,
				E272DDA61CD522F000F1FECA /* AppDelegate.h */,
				E272DDA71CD522F000F1FECA /* AppDelegate.m */,
				E272DDA91CD522F000F1FECA /* ViewController.h */,
				E272DDAA1CD522F000F1FECA /* ViewController.m */,
				E272DDAC1CD522F000F1FECA /* Main.storyboard */,
				E272DDAF1CD522F000F1FECA /* Assets.xcassets */,
				E272DDB11CD522F000F1FECA /* LaunchScreen.storyboard */,
				E272DDB41CD522F000F1FECA /* Info.plist */,
				E272DDA31CD522F000F1FECA /* Supporting Files */,
			);
			path = ClueExampleApp;
			sourceTree = "<group>";
		};
		E272DDA31CD522F000F1FECA /* Supporting Files */ = {
			isa = PBXGroup;
			children = (
				E272DDA41CD522F000F1FECA /* main.m */,
			);
			name = "Supporting Files";
			sourceTree = "<group>";
		};
		E272DDBA1CD52B4000F1FECA /* Frameworks */ = {
			isa = PBXGroup;
			children = (
			);
			name = Frameworks;
			sourceTree = "<group>";
		};
		E272DDBB1CD52FE300F1FECA /* Models */ = {
			isa = PBXGroup;
			children = (
				E258F3FD1CE3D037001E9F92 /* CLUOptions.h */,
				E258F3FE1CE3D037001E9F92 /* CLUOptions.m */,
				E22F60ED1D265DBE0062D6B8 /* CLUTouch.h */,
				E22F60EE1D265DBE0062D6B8 /* CLUTouch.m */,
			);
			name = Models;
			sourceTree = "<group>";
		};
		E272DDBD1CD5300000F1FECA /* Views */ = {
			isa = PBXGroup;
			children = (
			);
			name = Views;
			sourceTree = "<group>";
		};
		E286100D1CEFB9AD00FA9BAF /* Resources */ = {
			isa = PBXGroup;
			children = (
				E286100E1CEFB9C300FA9BAF /* Karla-Bold.ttf */,
				E286100F1CEFB9C300FA9BAF /* Karla-BoldItalic.ttf */,
				E28610101CEFB9C300FA9BAF /* Karla-Italic.ttf */,
				E28610111CEFB9C300FA9BAF /* Karla-Regular.ttf */,
			);
			name = Resources;
			sourceTree = "<group>";
		};
		E28CC08A1CEE210D00C9DFD9 /* Composers */ = {
			isa = PBXGroup;
			children = (
				E28CC08B1CEE214B00C9DFD9 /* CLUReportComposer.h */,
				E28CC08C1CEE214B00C9DFD9 /* CLUReportComposer.m */,
			);
			name = Composers;
			sourceTree = "<group>";
		};
		E291DEA61D149E1B009AB23F /* ModulesUtils */ = {
			isa = PBXGroup;
			children = (
				E291DEA71D149FE5009AB23F /* NetworkHelpers */,
				E24AEDFB1D06DCE1001F31FF /* GestureRecognizers */,
			);
			name = ModulesUtils;
			sourceTree = "<group>";
		};
		E291DEA71D149FE5009AB23F /* NetworkHelpers */ = {
			isa = PBXGroup;
			children = (
				E291DEA81D14A04F009AB23F /* CLUURLProtocol.h */,
				E291DEA91D14A04F009AB23F /* CLUURLProtocol.m */,
			);
			name = NetworkHelpers;
			sourceTree = "<group>";
		};
		E2A30C841CED017200A48C61 /* Modules */ = {
			isa = PBXGroup;
			children = (
				E2A30C881CED03F700A48C61 /* CLUVideoModule.h */,
				E2A30C891CED03F700A48C61 /* CLUVideoModule.m */,
				E29CE2A71CF7994C00C27384 /* CLUViewStructureModule.h */,
				E29CE2A81CF7994C00C27384 /* CLUViewStructureModule.m */,
				E278B7DB1D03505F0083E951 /* CLUObserveModule.h */,
				E278B7DC1D03505F0083E951 /* CLUObserveModule.m */,
				E278B7E31D036B5E0083E951 /* CLUUserInteractionModule.h */,
				E278B7E41D036B5E0083E951 /* CLUUserInteractionModule.m */,
				E23891351D1BC90600D688CD /* CLUNetworkModule.h */,
				E23891361D1BC90600D688CD /* CLUNetworkModule.m */,
			);
			name = Modules;
			sourceTree = "<group>";
		};
		E2A30C851CED017F00A48C61 /* Protocols */ = {
			isa = PBXGroup;
			children = (
				E2A30C861CED01CB00A48C61 /* CLURecordableModule.h */,
				E2A30C8C1CED08DA00A48C61 /* CLUWritable.h */,
				E232BA891CF8214D00F5DB52 /* CLUViewRecordableProperties.h */,
				E24AEDF91D06DA18001F31FF /* CLUInteractionObserverDelegate.h */,
				E291DEAC1D14A741009AB23F /* CLUNetworkObserverDelegate.h */,
			);
			name = Protocols;
			sourceTree = "<group>";
		};
		E2A30C8E1CED0BC700A48C61 /* Writers */ = {
			isa = PBXGroup;
			children = (
				E2A30C8F1CED0BF800A48C61 /* CLUVideoWriter.h */,
				E2A30C901CED0BF800A48C61 /* CLUVideoWriter.m */,
				E2C0FF121CFD824800DB89CE /* CLUViewStructureWriter.h */,
				E2C0FF131CFD824800DB89CE /* CLUViewStructureWriter.m */,
				E278B7DF1D035DC90083E951 /* CLUDataWriter.h */,
				E278B7E01D035DC90083E951 /* CLUDataWriter.m */,
			);
			name = Writers;
			sourceTree = "<group>";
		};
/* End PBXGroup section */

/* Begin PBXHeadersBuildPhase section */
		E272DD7F1CD5223300F1FECA /* Headers */ = {
			isa = PBXHeadersBuildPhase;
			buildActionMask = 2147483647;
			files = (
				E238913F1D1BDC3C00D688CD /* NSURLResponse+CLUNetworkAdditions.h in Headers */,
				E232BA921CF830DC00F5DB52 /* UILabel+CLUViewRecordableAdditions.h in Headers */,
				E278B7E51D036B5E0083E951 /* CLUUserInteractionModule.h in Headers */,
				E23891431D1BDE0300D688CD /* NSHTTPURLResponse+CLUNetworkAdditions.h in Headers */,
				E272DD861CD5223300F1FECA /* Clue.h in Headers */,
				E23891471D1BDF9300D688CD /* NSURLRequest+CLUNetworkAdditions.h in Headers */,
				E291DEAA1D14A04F009AB23F /* CLUURLProtocol.h in Headers */,
				E22F60EF1D265DBE0062D6B8 /* CLUTouch.h in Headers */,
				E23891371D1BC90600D688CD /* CLUNetworkModule.h in Headers */,
				E24AEE021D06E9DC001F31FF /* UITouch+CLUUserInteractionAdditions.h in Headers */,
				E28CC0951CEE619000C9DFD9 /* ClueController.h in Headers */,
				E24AEDFA1D06DA18001F31FF /* CLUInteractionObserverDelegate.h in Headers */,
				E232BA8A1CF8214D00F5DB52 /* CLUViewRecordableProperties.h in Headers */,
				E215639A1D25A15A005EDF61 /* NSException+CLUExceptionAdditions.h in Headers */,
				E258F3FF1CE3D037001E9F92 /* CLUOptions.h in Headers */,
				E21840D41CFCD7F80053422C /* UIImageView+CLUViewRecordableAdditions.h in Headers */,
				E29CE2A91CF7994C00C27384 /* CLUViewStructureModule.h in Headers */,
				E2A30C871CED01CB00A48C61 /* CLURecordableModule.h in Headers */,
				E291DEAD1D14A741009AB23F /* CLUNetworkObserverDelegate.h in Headers */,
				E278B7DD1D03505F0083E951 /* CLUObserveModule.h in Headers */,
				E2A30C8D1CED08DA00A48C61 /* CLUWritable.h in Headers */,
				E28CC08D1CEE214B00C9DFD9 /* CLUReportComposer.h in Headers */,
				E2C0FF141CFD824800DB89CE /* CLUViewStructureWriter.h in Headers */,
				E232BA8E1CF821D400F5DB52 /* UIView+CLUViewRecordableAdditions.h in Headers */,
				E278B7E11D035DC90083E951 /* CLUDataWriter.h in Headers */,
				E24AEDFE1D06DD28001F31FF /* CLUGeneralGestureRecognizer.h in Headers */,
				E21840D81CFCDA4B0053422C /* UITextField+CLUViewRecordableAdditions.h in Headers */,
				E238913B1D1BDA8C00D688CD /* NSError+CLUNetworkAdditions.h in Headers */,
				E2A30C911CED0BF800A48C61 /* CLUVideoWriter.h in Headers */,
				E2A30C8A1CED03F700A48C61 /* CLUVideoModule.h in Headers */,
			);
			runOnlyForDeploymentPostprocessing = 0;
		};
/* End PBXHeadersBuildPhase section */

/* Begin PBXNativeTarget section */
		E272DD811CD5223300F1FECA /* Clue */ = {
			isa = PBXNativeTarget;
			buildConfigurationList = E272DD961CD5223300F1FECA /* Build configuration list for PBXNativeTarget "Clue" */;
			buildPhases = (
				E272DD7D1CD5223300F1FECA /* Sources */,
				E272DD7E1CD5223300F1FECA /* Frameworks */,
				E272DD7F1CD5223300F1FECA /* Headers */,
				E272DD801CD5223300F1FECA /* Resources */,
			);
			buildRules = (
			);
			dependencies = (
			);
			name = Clue;
			productName = Clue;
			productReference = E272DD821CD5223300F1FECA /* Clue.framework */;
			productType = "com.apple.product-type.framework";
		};
		E272DD8B1CD5223300F1FECA /* ClueTests */ = {
			isa = PBXNativeTarget;
			buildConfigurationList = E272DD991CD5223300F1FECA /* Build configuration list for PBXNativeTarget "ClueTests" */;
			buildPhases = (
				E272DD881CD5223300F1FECA /* Sources */,
				E272DD891CD5223300F1FECA /* Frameworks */,
				E272DD8A1CD5223300F1FECA /* Resources */,
			);
			buildRules = (
			);
			dependencies = (
				E272DD8F1CD5223300F1FECA /* PBXTargetDependency */,
			);
			name = ClueTests;
			productName = ClueTests;
			productReference = E272DD8C1CD5223300F1FECA /* ClueTests.xctest */;
			productType = "com.apple.product-type.bundle.unit-test";
		};
		E272DDA01CD522F000F1FECA /* ClueExampleApp */ = {
			isa = PBXNativeTarget;
			buildConfigurationList = E272DDB51CD522F000F1FECA /* Build configuration list for PBXNativeTarget "ClueExampleApp" */;
			buildPhases = (
				E272DD9D1CD522F000F1FECA /* Sources */,
				E272DD9E1CD522F000F1FECA /* Frameworks */,
				E272DD9F1CD522F000F1FECA /* Resources */,
			);
			buildRules = (
			);
			dependencies = (
				E272DDB91CD5230300F1FECA /* PBXTargetDependency */,
			);
			name = ClueExampleApp;
			productName = ClueExampleApp;
			productReference = E272DDA11CD522F000F1FECA /* ClueExampleApp.app */;
			productType = "com.apple.product-type.application";
		};
/* End PBXNativeTarget section */

/* Begin PBXProject section */
		E272DD791CD5223300F1FECA /* Project object */ = {
			isa = PBXProject;
			attributes = {
				LastUpgradeCheck = 0730;
				ORGANIZATIONNAME = "Ahmed Sulaiman";
				TargetAttributes = {
					E272DD811CD5223300F1FECA = {
						CreatedOnToolsVersion = 7.3;
					};
					E272DD8B1CD5223300F1FECA = {
						CreatedOnToolsVersion = 7.3;
					};
					E272DDA01CD522F000F1FECA = {
						CreatedOnToolsVersion = 7.3;
					};
				};
			};
			buildConfigurationList = E272DD7C1CD5223300F1FECA /* Build configuration list for PBXProject "Clue" */;
			compatibilityVersion = "Xcode 3.2";
			developmentRegion = English;
			hasScannedForEncodings = 0;
			knownRegions = (
				en,
				Base,
			);
			mainGroup = E272DD781CD5223300F1FECA;
			productRefGroup = E272DD831CD5223300F1FECA /* Products */;
			projectDirPath = "";
			projectRoot = "";
			targets = (
				E272DD811CD5223300F1FECA /* Clue */,
				E272DD8B1CD5223300F1FECA /* ClueTests */,
				E272DDA01CD522F000F1FECA /* ClueExampleApp */,
			);
		};
/* End PBXProject section */

/* Begin PBXResourcesBuildPhase section */
		E272DD801CD5223300F1FECA /* Resources */ = {
			isa = PBXResourcesBuildPhase;
			buildActionMask = 2147483647;
			files = (
			);
			runOnlyForDeploymentPostprocessing = 0;
		};
		E272DD8A1CD5223300F1FECA /* Resources */ = {
			isa = PBXResourcesBuildPhase;
			buildActionMask = 2147483647;
			files = (
			);
			runOnlyForDeploymentPostprocessing = 0;
		};
		E272DD9F1CD522F000F1FECA /* Resources */ = {
			isa = PBXResourcesBuildPhase;
			buildActionMask = 2147483647;
			files = (
				E272DDB31CD522F000F1FECA /* LaunchScreen.storyboard in Resources */,
				E272DDB01CD522F000F1FECA /* Assets.xcassets in Resources */,
				E28610141CEFB9C300FA9BAF /* Karla-Italic.ttf in Resources */,
				E28610131CEFB9C300FA9BAF /* Karla-BoldItalic.ttf in Resources */,
				E28610151CEFB9C300FA9BAF /* Karla-Regular.ttf in Resources */,
				E272DDAE1CD522F000F1FECA /* Main.storyboard in Resources */,
				E28610121CEFB9C300FA9BAF /* Karla-Bold.ttf in Resources */,
			);
			runOnlyForDeploymentPostprocessing = 0;
		};
/* End PBXResourcesBuildPhase section */

/* Begin PBXSourcesBuildPhase section */
		E272DD7D1CD5223300F1FECA /* Sources */ = {
			isa = PBXSourcesBuildPhase;
			buildActionMask = 2147483647;
			files = (
				E2A30C8B1CED03F700A48C61 /* CLUVideoModule.m in Sources */,
				E24AEDFF1D06DD28001F31FF /* CLUGeneralGestureRecognizer.m in Sources */,
				E215639B1D25A15A005EDF61 /* NSException+CLUExceptionAdditions.m in Sources */,
				E23891481D1BDF9300D688CD /* NSURLRequest+CLUNetworkAdditions.m in Sources */,
				E278B7DE1D03505F0083E951 /* CLUObserveModule.m in Sources */,
				E232BA931CF830DC00F5DB52 /* UILabel+CLUViewRecordableAdditions.m in Sources */,
				E29CE2AA1CF7994C00C27384 /* CLUViewStructureModule.m in Sources */,
				E23891381D1BC90600D688CD /* CLUNetworkModule.m in Sources */,
				E23891441D1BDE0300D688CD /* NSHTTPURLResponse+CLUNetworkAdditions.m in Sources */,
				E278B7E61D036B5E0083E951 /* CLUUserInteractionModule.m in Sources */,
				E28CC08E1CEE214B00C9DFD9 /* CLUReportComposer.m in Sources */,
				E291DEAB1D14A04F009AB23F /* CLUURLProtocol.m in Sources */,
				E2C0FF151CFD824800DB89CE /* CLUViewStructureWriter.m in Sources */,
				E238913C1D1BDA8C00D688CD /* NSError+CLUNetworkAdditions.m in Sources */,
				E2A30C921CED0BF800A48C61 /* CLUVideoWriter.m in Sources */,
				E232BA8F1CF821D400F5DB52 /* UIView+CLUViewRecordableAdditions.m in Sources */,
				E23891401D1BDC3C00D688CD /* NSURLResponse+CLUNetworkAdditions.m in Sources */,
				E28CC0961CEE619000C9DFD9 /* ClueController.m in Sources */,
				E21840D51CFCD7F80053422C /* UIImageView+CLUViewRecordableAdditions.m in Sources */,
				E21840D91CFCDA4B0053422C /* UITextField+CLUViewRecordableAdditions.m in Sources */,
				E22F60F01D265DBE0062D6B8 /* CLUTouch.m in Sources */,
				E258F4001CE3D037001E9F92 /* CLUOptions.m in Sources */,
				E24AEE031D06E9DC001F31FF /* UITouch+CLUUserInteractionAdditions.m in Sources */,
				E278B7E21D035DC90083E951 /* CLUDataWriter.m in Sources */,
			);
			runOnlyForDeploymentPostprocessing = 0;
		};
		E272DD881CD5223300F1FECA /* Sources */ = {
			isa = PBXSourcesBuildPhase;
			buildActionMask = 2147483647;
			files = (
				E272DD921CD5223300F1FECA /* ClueTests.m in Sources */,
			);
			runOnlyForDeploymentPostprocessing = 0;
		};
		E272DD9D1CD522F000F1FECA /* Sources */ = {
			isa = PBXSourcesBuildPhase;
			buildActionMask = 2147483647;
			files = (
				E272DDAB1CD522F000F1FECA /* ViewController.m in Sources */,
				E272DDA81CD522F000F1FECA /* AppDelegate.m in Sources */,
				E272DDA51CD522F000F1FECA /* main.m in Sources */,
			);
			runOnlyForDeploymentPostprocessing = 0;
		};
/* End PBXSourcesBuildPhase section */

/* Begin PBXTargetDependency section */
		E272DD8F1CD5223300F1FECA /* PBXTargetDependency */ = {
			isa = PBXTargetDependency;
			target = E272DD811CD5223300F1FECA /* Clue */;
			targetProxy = E272DD8E1CD5223300F1FECA /* PBXContainerItemProxy */;
		};
		E272DDB91CD5230300F1FECA /* PBXTargetDependency */ = {
			isa = PBXTargetDependency;
			target = E272DD811CD5223300F1FECA /* Clue */;
			targetProxy = E272DDB81CD5230300F1FECA /* PBXContainerItemProxy */;
		};
/* End PBXTargetDependency section */

/* Begin PBXVariantGroup section */
		E272DDAC1CD522F000F1FECA /* Main.storyboard */ = {
			isa = PBXVariantGroup;
			children = (
				E272DDAD1CD522F000F1FECA /* Base */,
			);
			name = Main.storyboard;
			sourceTree = "<group>";
		};
		E272DDB11CD522F000F1FECA /* LaunchScreen.storyboard */ = {
			isa = PBXVariantGroup;
			children = (
				E272DDB21CD522F000F1FECA /* Base */,
			);
			name = LaunchScreen.storyboard;
			sourceTree = "<group>";
		};
/* End PBXVariantGroup section */

/* Begin XCBuildConfiguration section */
		E272DD941CD5223300F1FECA /* Debug */ = {
			isa = XCBuildConfiguration;
			buildSettings = {
				ALWAYS_SEARCH_USER_PATHS = NO;
				CLANG_ANALYZER_NONNULL = YES;
				CLANG_CXX_LANGUAGE_STANDARD = "gnu++0x";
				CLANG_CXX_LIBRARY = "libc++";
				CLANG_ENABLE_MODULES = YES;
				CLANG_ENABLE_OBJC_ARC = YES;
				CLANG_WARN_BOOL_CONVERSION = YES;
				CLANG_WARN_CONSTANT_CONVERSION = YES;
				CLANG_WARN_DIRECT_OBJC_ISA_USAGE = YES_ERROR;
				CLANG_WARN_EMPTY_BODY = YES;
				CLANG_WARN_ENUM_CONVERSION = YES;
				CLANG_WARN_INT_CONVERSION = YES;
				CLANG_WARN_OBJC_ROOT_CLASS = YES_ERROR;
				CLANG_WARN_UNREACHABLE_CODE = YES;
				CLANG_WARN__DUPLICATE_METHOD_MATCH = YES;
				"CODE_SIGN_IDENTITY[sdk=iphoneos*]" = "iPhone Developer";
				COPY_PHASE_STRIP = NO;
				CURRENT_PROJECT_VERSION = 1;
				DEBUG_INFORMATION_FORMAT = dwarf;
				ENABLE_STRICT_OBJC_MSGSEND = YES;
				ENABLE_TESTABILITY = YES;
				GCC_C_LANGUAGE_STANDARD = gnu99;
				GCC_DYNAMIC_NO_PIC = NO;
				GCC_NO_COMMON_BLOCKS = YES;
				GCC_OPTIMIZATION_LEVEL = 0;
				GCC_PREPROCESSOR_DEFINITIONS = (
					"DEBUG=1",
					"$(inherited)",
				);
				GCC_WARN_64_TO_32_BIT_CONVERSION = YES;
				GCC_WARN_ABOUT_RETURN_TYPE = YES_ERROR;
				GCC_WARN_UNDECLARED_SELECTOR = YES;
				GCC_WARN_UNINITIALIZED_AUTOS = YES_AGGRESSIVE;
				GCC_WARN_UNUSED_FUNCTION = YES;
				GCC_WARN_UNUSED_VARIABLE = YES;
				IPHONEOS_DEPLOYMENT_TARGET = 9.3;
				MTL_ENABLE_DEBUG_INFO = YES;
				ONLY_ACTIVE_ARCH = YES;
				OTHER_LDFLAGS = (
					"$(OTHER_LDFLAGS)",
					"-ObjC",
					"-all_load",
				);
				SDKROOT = iphoneos;
				TARGETED_DEVICE_FAMILY = "1,2";
				VERSIONING_SYSTEM = "apple-generic";
				VERSION_INFO_PREFIX = "";
			};
			name = Debug;
		};
		E272DD951CD5223300F1FECA /* Release */ = {
			isa = XCBuildConfiguration;
			buildSettings = {
				ALWAYS_SEARCH_USER_PATHS = NO;
				CLANG_ANALYZER_NONNULL = YES;
				CLANG_CXX_LANGUAGE_STANDARD = "gnu++0x";
				CLANG_CXX_LIBRARY = "libc++";
				CLANG_ENABLE_MODULES = YES;
				CLANG_ENABLE_OBJC_ARC = YES;
				CLANG_WARN_BOOL_CONVERSION = YES;
				CLANG_WARN_CONSTANT_CONVERSION = YES;
				CLANG_WARN_DIRECT_OBJC_ISA_USAGE = YES_ERROR;
				CLANG_WARN_EMPTY_BODY = YES;
				CLANG_WARN_ENUM_CONVERSION = YES;
				CLANG_WARN_INT_CONVERSION = YES;
				CLANG_WARN_OBJC_ROOT_CLASS = YES_ERROR;
				CLANG_WARN_UNREACHABLE_CODE = YES;
				CLANG_WARN__DUPLICATE_METHOD_MATCH = YES;
				"CODE_SIGN_IDENTITY[sdk=iphoneos*]" = "iPhone Developer";
				COPY_PHASE_STRIP = NO;
				CURRENT_PROJECT_VERSION = 1;
				DEBUG_INFORMATION_FORMAT = "dwarf-with-dsym";
				ENABLE_NS_ASSERTIONS = NO;
				ENABLE_STRICT_OBJC_MSGSEND = YES;
				GCC_C_LANGUAGE_STANDARD = gnu99;
				GCC_NO_COMMON_BLOCKS = YES;
				GCC_WARN_64_TO_32_BIT_CONVERSION = YES;
				GCC_WARN_ABOUT_RETURN_TYPE = YES_ERROR;
				GCC_WARN_UNDECLARED_SELECTOR = YES;
				GCC_WARN_UNINITIALIZED_AUTOS = YES_AGGRESSIVE;
				GCC_WARN_UNUSED_FUNCTION = YES;
				GCC_WARN_UNUSED_VARIABLE = YES;
				IPHONEOS_DEPLOYMENT_TARGET = 9.3;
				MTL_ENABLE_DEBUG_INFO = NO;
				OTHER_LDFLAGS = (
					"$(OTHER_LDFLAGS)",
					"-ObjC",
					"-all_load",
				);
				SDKROOT = iphoneos;
				TARGETED_DEVICE_FAMILY = "1,2";
				VALIDATE_PRODUCT = YES;
				VERSIONING_SYSTEM = "apple-generic";
				VERSION_INFO_PREFIX = "";
			};
			name = Release;
		};
		E272DD971CD5223300F1FECA /* Debug */ = {
			isa = XCBuildConfiguration;
			buildSettings = {
				DEFINES_MODULE = YES;
				DYLIB_COMPATIBILITY_VERSION = 1;
				DYLIB_CURRENT_VERSION = 1;
				DYLIB_INSTALL_NAME_BASE = "@rpath";
				INFOPLIST_FILE = Clue/Info.plist;
				INSTALL_PATH = "$(LOCAL_LIBRARY_DIR)/Frameworks";
				LD_RUNPATH_SEARCH_PATHS = "$(inherited) @executable_path/Frameworks @loader_path/Frameworks";
				MACH_O_TYPE = mh_dylib;
				PRODUCT_BUNDLE_IDENTIFIER = com.ahmed.pt.Clue;
				PRODUCT_NAME = "$(TARGET_NAME)";
				SKIP_INSTALL = YES;
				TARGETED_DEVICE_FAMILY = "1,2";
			};
			name = Debug;
		};
		E272DD981CD5223300F1FECA /* Release */ = {
			isa = XCBuildConfiguration;
			buildSettings = {
				DEFINES_MODULE = YES;
				DYLIB_COMPATIBILITY_VERSION = 1;
				DYLIB_CURRENT_VERSION = 1;
				DYLIB_INSTALL_NAME_BASE = "@rpath";
				INFOPLIST_FILE = Clue/Info.plist;
				INSTALL_PATH = "$(LOCAL_LIBRARY_DIR)/Frameworks";
				LD_RUNPATH_SEARCH_PATHS = "$(inherited) @executable_path/Frameworks @loader_path/Frameworks";
				MACH_O_TYPE = mh_dylib;
				PRODUCT_BUNDLE_IDENTIFIER = com.ahmed.pt.Clue;
				PRODUCT_NAME = "$(TARGET_NAME)";
				SKIP_INSTALL = YES;
				TARGETED_DEVICE_FAMILY = "1,2";
			};
			name = Release;
		};
		E272DD9A1CD5223300F1FECA /* Debug */ = {
			isa = XCBuildConfiguration;
			buildSettings = {
				INFOPLIST_FILE = ClueTests/Info.plist;
				LD_RUNPATH_SEARCH_PATHS = "$(inherited) @executable_path/Frameworks @loader_path/Frameworks";
				PRODUCT_BUNDLE_IDENTIFIER = com.ahmed.pt.ClueTests;
				PRODUCT_NAME = "$(TARGET_NAME)";
			};
			name = Debug;
		};
		E272DD9B1CD5223300F1FECA /* Release */ = {
			isa = XCBuildConfiguration;
			buildSettings = {
				INFOPLIST_FILE = ClueTests/Info.plist;
				LD_RUNPATH_SEARCH_PATHS = "$(inherited) @executable_path/Frameworks @loader_path/Frameworks";
				PRODUCT_BUNDLE_IDENTIFIER = com.ahmed.pt.ClueTests;
				PRODUCT_NAME = "$(TARGET_NAME)";
			};
			name = Release;
		};
		E272DDB61CD522F000F1FECA /* Debug */ = {
			isa = XCBuildConfiguration;
			buildSettings = {
				ASSETCATALOG_COMPILER_APPICON_NAME = AppIcon;
				INFOPLIST_FILE = ClueExampleApp/Info.plist;
				LD_RUNPATH_SEARCH_PATHS = "$(inherited) @executable_path/Frameworks";
				PRODUCT_BUNDLE_IDENTIFIER = com.ahmed.pt.ClueExampleApp;
				PRODUCT_NAME = "$(TARGET_NAME)";
			};
			name = Debug;
		};
		E272DDB71CD522F000F1FECA /* Release */ = {
			isa = XCBuildConfiguration;
			buildSettings = {
				ASSETCATALOG_COMPILER_APPICON_NAME = AppIcon;
				INFOPLIST_FILE = ClueExampleApp/Info.plist;
				LD_RUNPATH_SEARCH_PATHS = "$(inherited) @executable_path/Frameworks";
				PRODUCT_BUNDLE_IDENTIFIER = com.ahmed.pt.ClueExampleApp;
				PRODUCT_NAME = "$(TARGET_NAME)";
			};
			name = Release;
		};
/* End XCBuildConfiguration section */

/* Begin XCConfigurationList section */
		E272DD7C1CD5223300F1FECA /* Build configuration list for PBXProject "Clue" */ = {
			isa = XCConfigurationList;
			buildConfigurations = (
				E272DD941CD5223300F1FECA /* Debug */,
				E272DD951CD5223300F1FECA /* Release */,
			);
			defaultConfigurationIsVisible = 0;
			defaultConfigurationName = Release;
		};
		E272DD961CD5223300F1FECA /* Build configuration list for PBXNativeTarget "Clue" */ = {
			isa = XCConfigurationList;
			buildConfigurations = (
				E272DD971CD5223300F1FECA /* Debug */,
				E272DD981CD5223300F1FECA /* Release */,
			);
			defaultConfigurationIsVisible = 0;
			defaultConfigurationName = Release;
		};
		E272DD991CD5223300F1FECA /* Build configuration list for PBXNativeTarget "ClueTests" */ = {
			isa = XCConfigurationList;
			buildConfigurations = (
				E272DD9A1CD5223300F1FECA /* Debug */,
				E272DD9B1CD5223300F1FECA /* Release */,
			);
			defaultConfigurationIsVisible = 0;
			defaultConfigurationName = Release;
		};
		E272DDB51CD522F000F1FECA /* Build configuration list for PBXNativeTarget "ClueExampleApp" */ = {
			isa = XCConfigurationList;
			buildConfigurations = (
				E272DDB61CD522F000F1FECA /* Debug */,
				E272DDB71CD522F000F1FECA /* Release */,
			);
			defaultConfigurationIsVisible = 0;
			defaultConfigurationName = Release;
		};
/* End XCConfigurationList section */
	};
	rootObject = E272DD791CD5223300F1FECA /* Project object */;
}
